// !$*UTF8*$!
{
	archiveVersion = 1;
	classes = {
	};
	objectVersion = 52;
	objects = {

/* Begin PBXBuildFile section */
		25804B9626C735EE00D92241 /* RefreshView.swift in Sources */ = {isa = PBXBuildFile; fileRef = 25804B9526C735EE00D92241 /* RefreshView.swift */; };
		2596CBBF258BE65300B1C200 /* NowViewModel.swift in Sources */ = {isa = PBXBuildFile; fileRef = 2596CBBE258BE65300B1C200 /* NowViewModel.swift */; };
		25A0CEDD26C4068300DD4A79 /* RadarView.swift in Sources */ = {isa = PBXBuildFile; fileRef = 25A0CEDC26C4068300DD4A79 /* RadarView.swift */; };
		25D2645D26C7D23C00BE90A1 /* Charts in Frameworks */ = {isa = PBXBuildFile; productRef = 25D2645C26C7D23C00BE90A1 /* Charts */; };
		25D6354E259DE3840071801B /* RadarWebView.swift in Sources */ = {isa = PBXBuildFile; fileRef = 25D6354D259DE3840071801B /* RadarWebView.swift */; };
		25D90A5326C40DB800128F7A /* WeatherMapsResponse.swift in Sources */ = {isa = PBXBuildFile; fileRef = 25D90A5226C40DB800128F7A /* WeatherMapsResponse.swift */; };
		3E22B523251D151300D86A58 /* WeatherApp.swift in Sources */ = {isa = PBXBuildFile; fileRef = 3EB89014251A55700028FED0 /* WeatherApp.swift */; };
		3E279B23252C755900BAAA20 /* WeatherResponse.swift in Sources */ = {isa = PBXBuildFile; fileRef = 3E279B22252C755900BAAA20 /* WeatherResponse.swift */; };
		3E58A6A12549CE5A00594EF8 /* WeatherResponseCC.swift in Sources */ = {isa = PBXBuildFile; fileRef = 3E58A6A02549CE5A00594EF8 /* WeatherResponseCC.swift */; };
		3E6117002544AE9B00B68120 /* HeadView.swift in Sources */ = {isa = PBXBuildFile; fileRef = 3E6116FF2544AE9B00B68120 /* HeadView.swift */; };
		3E6117042544B1C700B68120 /* RainView.swift in Sources */ = {isa = PBXBuildFile; fileRef = 3E6117032544B1C700B68120 /* RainView.swift */; };
		3E6117082544B27600B68120 /* HourlyView.swift in Sources */ = {isa = PBXBuildFile; fileRef = 3E6117072544B27600B68120 /* HourlyView.swift */; };
		3E61170C2544B2D300B68120 /* DailyView.swift in Sources */ = {isa = PBXBuildFile; fileRef = 3E61170B2544B2D300B68120 /* DailyView.swift */; };
		3EB89017251A55700028FED0 /* NowView.swift in Sources */ = {isa = PBXBuildFile; fileRef = 3EB89016251A55700028FED0 /* NowView.swift */; };
		3EB89019251A55740028FED0 /* Assets.xcassets in Resources */ = {isa = PBXBuildFile; fileRef = 3EB89018251A55740028FED0 /* Assets.xcassets */; };
		3EB8901C251A55740028FED0 /* Preview Assets.xcassets in Resources */ = {isa = PBXBuildFile; fileRef = 3EB8901B251A55740028FED0 /* Preview Assets.xcassets */; };
		3EB8902B251A55950028FED0 /* WidgetKit.framework in Frameworks */ = {isa = PBXBuildFile; fileRef = 3EB8902A251A55950028FED0 /* WidgetKit.framework */; };
		3EB8902D251A55950028FED0 /* SwiftUI.framework in Frameworks */ = {isa = PBXBuildFile; fileRef = 3EB8902C251A55950028FED0 /* SwiftUI.framework */; };
		3EB89030251A55950028FED0 /* RadarWidget.swift in Sources */ = {isa = PBXBuildFile; fileRef = 3EB8902F251A55950028FED0 /* RadarWidget.swift */; };
		3EB89032251A55980028FED0 /* Assets.xcassets in Resources */ = {isa = PBXBuildFile; fileRef = 3EB89031251A55980028FED0 /* Assets.xcassets */; };
		3EB89036251A55980028FED0 /* WeatherWidgetExtension.appex in Embed App Extensions */ = {isa = PBXBuildFile; fileRef = 3EB89028251A55950028FED0 /* WeatherWidgetExtension.appex */; settings = {ATTRIBUTES = (RemoveHeadersOnCopy, ); }; };
		3ED4AEB0254551DE0057DF2F /* WeatherWidgets.swift in Sources */ = {isa = PBXBuildFile; fileRef = 3ED4AEAF254551DD0057DF2F /* WeatherWidgets.swift */; };
		3ED4AEBF254555620057DF2F /* WeatherResponse.swift in Sources */ = {isa = PBXBuildFile; fileRef = 3E279B22252C755900BAAA20 /* WeatherResponse.swift */; };
/* End PBXBuildFile section */

/* Begin PBXContainerItemProxy section */
		3EB89034251A55980028FED0 /* PBXContainerItemProxy */ = {
			isa = PBXContainerItemProxy;
			containerPortal = 3EB89009251A55700028FED0 /* Project object */;
			proxyType = 1;
			remoteGlobalIDString = 3EB89027251A55950028FED0;
			remoteInfo = WeatherWidgetExtension;
		};
/* End PBXContainerItemProxy section */

/* Begin PBXCopyFilesBuildPhase section */
		3EB8903A251A55980028FED0 /* Embed App Extensions */ = {
			isa = PBXCopyFilesBuildPhase;
			buildActionMask = 2147483647;
			dstPath = "";
			dstSubfolderSpec = 13;
			files = (
				3EB89036251A55980028FED0 /* WeatherWidgetExtension.appex in Embed App Extensions */,
			);
			name = "Embed App Extensions";
			runOnlyForDeploymentPostprocessing = 0;
		};
/* End PBXCopyFilesBuildPhase section */

/* Begin PBXFileReference section */
		25804B9526C735EE00D92241 /* RefreshView.swift */ = {isa = PBXFileReference; lastKnownFileType = sourcecode.swift; path = RefreshView.swift; sourceTree = "<group>"; };
		2596CBBE258BE65300B1C200 /* NowViewModel.swift */ = {isa = PBXFileReference; lastKnownFileType = sourcecode.swift; path = NowViewModel.swift; sourceTree = "<group>"; };
		25A0CEDC26C4068300DD4A79 /* RadarView.swift */ = {isa = PBXFileReference; lastKnownFileType = sourcecode.swift; path = RadarView.swift; sourceTree = "<group>"; };
		25D6354D259DE3840071801B /* RadarWebView.swift */ = {isa = PBXFileReference; lastKnownFileType = sourcecode.swift; path = RadarWebView.swift; sourceTree = "<group>"; };
		25D90A5226C40DB800128F7A /* WeatherMapsResponse.swift */ = {isa = PBXFileReference; lastKnownFileType = sourcecode.swift; path = WeatherMapsResponse.swift; sourceTree = "<group>"; };
		3E279B22252C755900BAAA20 /* WeatherResponse.swift */ = {isa = PBXFileReference; lastKnownFileType = sourcecode.swift; path = WeatherResponse.swift; sourceTree = "<group>"; };
		3E58A6A02549CE5A00594EF8 /* WeatherResponseCC.swift */ = {isa = PBXFileReference; lastKnownFileType = sourcecode.swift; path = WeatherResponseCC.swift; sourceTree = "<group>"; };
		3E6116FF2544AE9B00B68120 /* HeadView.swift */ = {isa = PBXFileReference; lastKnownFileType = sourcecode.swift; path = HeadView.swift; sourceTree = "<group>"; };
		3E6117032544B1C700B68120 /* RainView.swift */ = {isa = PBXFileReference; lastKnownFileType = sourcecode.swift; path = RainView.swift; sourceTree = "<group>"; };
		3E6117072544B27600B68120 /* HourlyView.swift */ = {isa = PBXFileReference; lastKnownFileType = sourcecode.swift; path = HourlyView.swift; sourceTree = "<group>"; };
		3E61170B2544B2D300B68120 /* DailyView.swift */ = {isa = PBXFileReference; lastKnownFileType = sourcecode.swift; path = DailyView.swift; sourceTree = "<group>"; };
		3EB89011251A55700028FED0 /* Weather.app */ = {isa = PBXFileReference; explicitFileType = wrapper.application; includeInIndex = 0; path = Weather.app; sourceTree = BUILT_PRODUCTS_DIR; };
		3EB89014251A55700028FED0 /* WeatherApp.swift */ = {isa = PBXFileReference; lastKnownFileType = sourcecode.swift; path = WeatherApp.swift; sourceTree = "<group>"; };
		3EB89016251A55700028FED0 /* NowView.swift */ = {isa = PBXFileReference; lastKnownFileType = sourcecode.swift; path = NowView.swift; sourceTree = "<group>"; };
		3EB89018251A55740028FED0 /* Assets.xcassets */ = {isa = PBXFileReference; lastKnownFileType = folder.assetcatalog; path = Assets.xcassets; sourceTree = "<group>"; };
		3EB8901B251A55740028FED0 /* Preview Assets.xcassets */ = {isa = PBXFileReference; lastKnownFileType = folder.assetcatalog; path = "Preview Assets.xcassets"; sourceTree = "<group>"; };
		3EB8901D251A55740028FED0 /* Info.plist */ = {isa = PBXFileReference; lastKnownFileType = text.plist.xml; path = Info.plist; sourceTree = "<group>"; };
		3EB89028251A55950028FED0 /* WeatherWidgetExtension.appex */ = {isa = PBXFileReference; explicitFileType = "wrapper.app-extension"; includeInIndex = 0; path = WeatherWidgetExtension.appex; sourceTree = BUILT_PRODUCTS_DIR; };
		3EB8902A251A55950028FED0 /* WidgetKit.framework */ = {isa = PBXFileReference; lastKnownFileType = wrapper.framework; name = WidgetKit.framework; path = System/Library/Frameworks/WidgetKit.framework; sourceTree = SDKROOT; };
		3EB8902C251A55950028FED0 /* SwiftUI.framework */ = {isa = PBXFileReference; lastKnownFileType = wrapper.framework; name = SwiftUI.framework; path = System/Library/Frameworks/SwiftUI.framework; sourceTree = SDKROOT; };
		3EB8902F251A55950028FED0 /* RadarWidget.swift */ = {isa = PBXFileReference; lastKnownFileType = sourcecode.swift; path = RadarWidget.swift; sourceTree = "<group>"; };
		3EB89031251A55980028FED0 /* Assets.xcassets */ = {isa = PBXFileReference; lastKnownFileType = folder.assetcatalog; path = Assets.xcassets; sourceTree = "<group>"; };
		3EB89033251A55980028FED0 /* Info.plist */ = {isa = PBXFileReference; lastKnownFileType = text.plist.xml; path = Info.plist; sourceTree = "<group>"; };
		3ED4AEAF254551DD0057DF2F /* WeatherWidgets.swift */ = {isa = PBXFileReference; lastKnownFileType = sourcecode.swift; path = WeatherWidgets.swift; sourceTree = "<group>"; };
/* End PBXFileReference section */

/* Begin PBXFrameworksBuildPhase section */
		3EB8900E251A55700028FED0 /* Frameworks */ = {
			isa = PBXFrameworksBuildPhase;
			buildActionMask = 2147483647;
			files = (
				25D2645D26C7D23C00BE90A1 /* Charts in Frameworks */,
			);
			runOnlyForDeploymentPostprocessing = 0;
		};
		3EB89025251A55950028FED0 /* Frameworks */ = {
			isa = PBXFrameworksBuildPhase;
			buildActionMask = 2147483647;
			files = (
				3EB8902D251A55950028FED0 /* SwiftUI.framework in Frameworks */,
				3EB8902B251A55950028FED0 /* WidgetKit.framework in Frameworks */,
			);
			runOnlyForDeploymentPostprocessing = 0;
		};
/* End PBXFrameworksBuildPhase section */

/* Begin PBXGroup section */
		255C23A7258F90F30066B2BD /* ViewModels */ = {
			isa = PBXGroup;
			children = (
				2596CBBE258BE65300B1C200 /* NowViewModel.swift */,
			);
			path = ViewModels;
			sourceTree = "<group>";
		};
		255C23AE258F93900066B2BD /* NowSubViews */ = {
			isa = PBXGroup;
			children = (
				3E6116FF2544AE9B00B68120 /* HeadView.swift */,
				3E6117032544B1C700B68120 /* RainView.swift */,
				3E6117072544B27600B68120 /* HourlyView.swift */,
				3E61170B2544B2D300B68120 /* DailyView.swift */,
				25A0CEDC26C4068300DD4A79 /* RadarView.swift */,
			);
			path = NowSubViews;
			sourceTree = "<group>";
		};
		3E279B21252C752600BAAA20 /* Models */ = {
			isa = PBXGroup;
			children = (
				3E279B22252C755900BAAA20 /* WeatherResponse.swift */,
				3E58A6A02549CE5A00594EF8 /* WeatherResponseCC.swift */,
				25D90A5226C40DB800128F7A /* WeatherMapsResponse.swift */,
			);
			path = Models;
			sourceTree = "<group>";
		};
		3E89BBA6252EFEC5006F7BCC /* Views */ = {
			isa = PBXGroup;
			children = (
				255C23AE258F93900066B2BD /* NowSubViews */,
				3EB89016251A55700028FED0 /* NowView.swift */,
				25D6354D259DE3840071801B /* RadarWebView.swift */,
				25804B9526C735EE00D92241 /* RefreshView.swift */,
			);
			path = Views;
			sourceTree = "<group>";
		};
		3EB89008251A55700028FED0 = {
			isa = PBXGroup;
			children = (
				3EB89013251A55700028FED0 /* Weather */,
				3EB8902E251A55950028FED0 /* WeatherWidget */,
				3EB89029251A55950028FED0 /* Frameworks */,
				3EB89012251A55700028FED0 /* Products */,
			);
			sourceTree = "<group>";
		};
		3EB89012251A55700028FED0 /* Products */ = {
			isa = PBXGroup;
			children = (
				3EB89011251A55700028FED0 /* Weather.app */,
				3EB89028251A55950028FED0 /* WeatherWidgetExtension.appex */,
			);
			name = Products;
			sourceTree = "<group>";
		};
		3EB89013251A55700028FED0 /* Weather */ = {
			isa = PBXGroup;
			children = (
				3E89BBA6252EFEC5006F7BCC /* Views */,
				255C23A7258F90F30066B2BD /* ViewModels */,
				3E279B21252C752600BAAA20 /* Models */,
				3EB89014251A55700028FED0 /* WeatherApp.swift */,
				3EB89018251A55740028FED0 /* Assets.xcassets */,
				3EB8901D251A55740028FED0 /* Info.plist */,
				3EB8901A251A55740028FED0 /* Preview Content */,
			);
			path = Weather;
			sourceTree = "<group>";
		};
		3EB8901A251A55740028FED0 /* Preview Content */ = {
			isa = PBXGroup;
			children = (
				3EB8901B251A55740028FED0 /* Preview Assets.xcassets */,
			);
			path = "Preview Content";
			sourceTree = "<group>";
		};
		3EB89029251A55950028FED0 /* Frameworks */ = {
			isa = PBXGroup;
			children = (
				3EB8902A251A55950028FED0 /* WidgetKit.framework */,
				3EB8902C251A55950028FED0 /* SwiftUI.framework */,
			);
			name = Frameworks;
			sourceTree = "<group>";
		};
		3EB8902E251A55950028FED0 /* WeatherWidget */ = {
			isa = PBXGroup;
			children = (
				3ED4AEAF254551DD0057DF2F /* WeatherWidgets.swift */,
				3EB8902F251A55950028FED0 /* RadarWidget.swift */,
				3EB89031251A55980028FED0 /* Assets.xcassets */,
				3EB89033251A55980028FED0 /* Info.plist */,
			);
			path = WeatherWidget;
			sourceTree = "<group>";
		};
/* End PBXGroup section */

/* Begin PBXNativeTarget section */
		3EB89010251A55700028FED0 /* Weather */ = {
			isa = PBXNativeTarget;
			buildConfigurationList = 3EB89020251A55740028FED0 /* Build configuration list for PBXNativeTarget "Weather" */;
			buildPhases = (
				3EB8900D251A55700028FED0 /* Sources */,
				3EB8900E251A55700028FED0 /* Frameworks */,
				3EB8900F251A55700028FED0 /* Resources */,
				3EB8903A251A55980028FED0 /* Embed App Extensions */,
			);
			buildRules = (
			);
			dependencies = (
				3EB89035251A55980028FED0 /* PBXTargetDependency */,
			);
			name = Weather;
			packageProductDependencies = (
				25D2645C26C7D23C00BE90A1 /* Charts */,
			);
			productName = Weather;
			productReference = 3EB89011251A55700028FED0 /* Weather.app */;
			productType = "com.apple.product-type.application";
		};
		3EB89027251A55950028FED0 /* WeatherWidgetExtension */ = {
			isa = PBXNativeTarget;
			buildConfigurationList = 3EB89037251A55980028FED0 /* Build configuration list for PBXNativeTarget "WeatherWidgetExtension" */;
			buildPhases = (
				3EB89024251A55950028FED0 /* Sources */,
				3EB89025251A55950028FED0 /* Frameworks */,
				3EB89026251A55950028FED0 /* Resources */,
			);
			buildRules = (
			);
			dependencies = (
			);
			name = WeatherWidgetExtension;
			productName = WeatherWidgetExtension;
			productReference = 3EB89028251A55950028FED0 /* WeatherWidgetExtension.appex */;
			productType = "com.apple.product-type.app-extension";
		};
/* End PBXNativeTarget section */

/* Begin PBXProject section */
		3EB89009251A55700028FED0 /* Project object */ = {
			isa = PBXProject;
			attributes = {
				LastSwiftUpdateCheck = 1200;
				LastUpgradeCheck = 1200;
				TargetAttributes = {
					3EB89010251A55700028FED0 = {
						CreatedOnToolsVersion = 12.0;
					};
					3EB89027251A55950028FED0 = {
						CreatedOnToolsVersion = 12.0;
					};
				};
			};
			buildConfigurationList = 3EB8900C251A55700028FED0 /* Build configuration list for PBXProject "Weather" */;
			compatibilityVersion = "Xcode 9.3";
			developmentRegion = en;
			hasScannedForEncodings = 0;
			knownRegions = (
				en,
				Base,
			);
			mainGroup = 3EB89008251A55700028FED0;
			packageReferences = (
				25D2645B26C7D23C00BE90A1 /* XCRemoteSwiftPackageReference "swiftui-charts" */,
			);
			productRefGroup = 3EB89012251A55700028FED0 /* Products */;
			projectDirPath = "";
			projectRoot = "";
			targets = (
				3EB89010251A55700028FED0 /* Weather */,
				3EB89027251A55950028FED0 /* WeatherWidgetExtension */,
			);
		};
/* End PBXProject section */

/* Begin PBXResourcesBuildPhase section */
		3EB8900F251A55700028FED0 /* Resources */ = {
			isa = PBXResourcesBuildPhase;
			buildActionMask = 2147483647;
			files = (
				3EB8901C251A55740028FED0 /* Preview Assets.xcassets in Resources */,
				3EB89019251A55740028FED0 /* Assets.xcassets in Resources */,
			);
			runOnlyForDeploymentPostprocessing = 0;
		};
		3EB89026251A55950028FED0 /* Resources */ = {
			isa = PBXResourcesBuildPhase;
			buildActionMask = 2147483647;
			files = (
				3EB89032251A55980028FED0 /* Assets.xcassets in Resources */,
			);
			runOnlyForDeploymentPostprocessing = 0;
		};
/* End PBXResourcesBuildPhase section */

/* Begin PBXSourcesBuildPhase section */
		3EB8900D251A55700028FED0 /* Sources */ = {
			isa = PBXSourcesBuildPhase;
			buildActionMask = 2147483647;
			files = (
				25804B9626C735EE00D92241 /* RefreshView.swift in Sources */,
				3E6117042544B1C700B68120 /* RainView.swift in Sources */,
				3E61170C2544B2D300B68120 /* DailyView.swift in Sources */,
				2596CBBF258BE65300B1C200 /* NowViewModel.swift in Sources */,
				3E22B523251D151300D86A58 /* WeatherApp.swift in Sources */,
				3EB89017251A55700028FED0 /* NowView.swift in Sources */,
				25D6354E259DE3840071801B /* RadarWebView.swift in Sources */,
				3E6117082544B27600B68120 /* HourlyView.swift in Sources */,
				25D90A5326C40DB800128F7A /* WeatherMapsResponse.swift in Sources */,
				3E279B23252C755900BAAA20 /* WeatherResponse.swift in Sources */,
				3E6117002544AE9B00B68120 /* HeadView.swift in Sources */,
				25A0CEDD26C4068300DD4A79 /* RadarView.swift in Sources */,
				3E58A6A12549CE5A00594EF8 /* WeatherResponseCC.swift in Sources */,
			);
			runOnlyForDeploymentPostprocessing = 0;
		};
		3EB89024251A55950028FED0 /* Sources */ = {
			isa = PBXSourcesBuildPhase;
			buildActionMask = 2147483647;
			files = (
				3EB89030251A55950028FED0 /* RadarWidget.swift in Sources */,
				3ED4AEB0254551DE0057DF2F /* WeatherWidgets.swift in Sources */,
				3ED4AEBF254555620057DF2F /* WeatherResponse.swift in Sources */,
			);
			runOnlyForDeploymentPostprocessing = 0;
		};
/* End PBXSourcesBuildPhase section */

/* Begin PBXTargetDependency section */
		3EB89035251A55980028FED0 /* PBXTargetDependency */ = {
			isa = PBXTargetDependency;
			target = 3EB89027251A55950028FED0 /* WeatherWidgetExtension */;
			targetProxy = 3EB89034251A55980028FED0 /* PBXContainerItemProxy */;
		};
/* End PBXTargetDependency section */

/* Begin XCBuildConfiguration section */
		3EB8901E251A55740028FED0 /* Debug */ = {
			isa = XCBuildConfiguration;
			buildSettings = {
				ALWAYS_SEARCH_USER_PATHS = NO;
				CLANG_ANALYZER_NONNULL = YES;
				CLANG_ANALYZER_NUMBER_OBJECT_CONVERSION = YES_AGGRESSIVE;
				CLANG_CXX_LANGUAGE_STANDARD = "gnu++14";
				CLANG_CXX_LIBRARY = "libc++";
				CLANG_ENABLE_MODULES = YES;
				CLANG_ENABLE_OBJC_ARC = YES;
				CLANG_ENABLE_OBJC_WEAK = YES;
				CLANG_WARN_BLOCK_CAPTURE_AUTORELEASING = YES;
				CLANG_WARN_BOOL_CONVERSION = YES;
				CLANG_WARN_COMMA = YES;
				CLANG_WARN_CONSTANT_CONVERSION = YES;
				CLANG_WARN_DEPRECATED_OBJC_IMPLEMENTATIONS = YES;
				CLANG_WARN_DIRECT_OBJC_ISA_USAGE = YES_ERROR;
				CLANG_WARN_DOCUMENTATION_COMMENTS = YES;
				CLANG_WARN_EMPTY_BODY = YES;
				CLANG_WARN_ENUM_CONVERSION = YES;
				CLANG_WARN_INFINITE_RECURSION = YES;
				CLANG_WARN_INT_CONVERSION = YES;
				CLANG_WARN_NON_LITERAL_NULL_CONVERSION = YES;
				CLANG_WARN_OBJC_IMPLICIT_RETAIN_SELF = YES;
				CLANG_WARN_OBJC_LITERAL_CONVERSION = YES;
				CLANG_WARN_OBJC_ROOT_CLASS = YES_ERROR;
				CLANG_WARN_QUOTED_INCLUDE_IN_FRAMEWORK_HEADER = YES;
				CLANG_WARN_RANGE_LOOP_ANALYSIS = YES;
				CLANG_WARN_STRICT_PROTOTYPES = YES;
				CLANG_WARN_SUSPICIOUS_MOVE = YES;
				CLANG_WARN_UNGUARDED_AVAILABILITY = YES_AGGRESSIVE;
				CLANG_WARN_UNREACHABLE_CODE = YES;
				CLANG_WARN__DUPLICATE_METHOD_MATCH = YES;
				COPY_PHASE_STRIP = NO;
				DEBUG_INFORMATION_FORMAT = dwarf;
				ENABLE_STRICT_OBJC_MSGSEND = YES;
				ENABLE_TESTABILITY = YES;
				GCC_C_LANGUAGE_STANDARD = gnu11;
				GCC_DYNAMIC_NO_PIC = NO;
				GCC_NO_COMMON_BLOCKS = YES;
				GCC_OPTIMIZATION_LEVEL = 0;
				GCC_PREPROCESSOR_DEFINITIONS = (
					"DEBUG=1",
					"$(inherited)",
				);
				GCC_WARN_64_TO_32_BIT_CONVERSION = YES;
				GCC_WARN_ABOUT_RETURN_TYPE = YES_ERROR;
				GCC_WARN_UNDECLARED_SELECTOR = YES;
				GCC_WARN_UNINITIALIZED_AUTOS = YES_AGGRESSIVE;
				GCC_WARN_UNUSED_FUNCTION = YES;
				GCC_WARN_UNUSED_VARIABLE = YES;
				IPHONEOS_DEPLOYMENT_TARGET = 14.3;
				MTL_ENABLE_DEBUG_INFO = INCLUDE_SOURCE;
				MTL_FAST_MATH = YES;
				ONLY_ACTIVE_ARCH = YES;
				SDKROOT = iphoneos;
				SWIFT_ACTIVE_COMPILATION_CONDITIONS = DEBUG;
				SWIFT_OPTIMIZATION_LEVEL = "-Onone";
			};
			name = Debug;
		};
		3EB8901F251A55740028FED0 /* Release */ = {
			isa = XCBuildConfiguration;
			buildSettings = {
				ALWAYS_SEARCH_USER_PATHS = NO;
				CLANG_ANALYZER_NONNULL = YES;
				CLANG_ANALYZER_NUMBER_OBJECT_CONVERSION = YES_AGGRESSIVE;
				CLANG_CXX_LANGUAGE_STANDARD = "gnu++14";
				CLANG_CXX_LIBRARY = "libc++";
				CLANG_ENABLE_MODULES = YES;
				CLANG_ENABLE_OBJC_ARC = YES;
				CLANG_ENABLE_OBJC_WEAK = YES;
				CLANG_WARN_BLOCK_CAPTURE_AUTORELEASING = YES;
				CLANG_WARN_BOOL_CONVERSION = YES;
				CLANG_WARN_COMMA = YES;
				CLANG_WARN_CONSTANT_CONVERSION = YES;
				CLANG_WARN_DEPRECATED_OBJC_IMPLEMENTATIONS = YES;
				CLANG_WARN_DIRECT_OBJC_ISA_USAGE = YES_ERROR;
				CLANG_WARN_DOCUMENTATION_COMMENTS = YES;
				CLANG_WARN_EMPTY_BODY = YES;
				CLANG_WARN_ENUM_CONVERSION = YES;
				CLANG_WARN_INFINITE_RECURSION = YES;
				CLANG_WARN_INT_CONVERSION = YES;
				CLANG_WARN_NON_LITERAL_NULL_CONVERSION = YES;
				CLANG_WARN_OBJC_IMPLICIT_RETAIN_SELF = YES;
				CLANG_WARN_OBJC_LITERAL_CONVERSION = YES;
				CLANG_WARN_OBJC_ROOT_CLASS = YES_ERROR;
				CLANG_WARN_QUOTED_INCLUDE_IN_FRAMEWORK_HEADER = YES;
				CLANG_WARN_RANGE_LOOP_ANALYSIS = YES;
				CLANG_WARN_STRICT_PROTOTYPES = YES;
				CLANG_WARN_SUSPICIOUS_MOVE = YES;
				CLANG_WARN_UNGUARDED_AVAILABILITY = YES_AGGRESSIVE;
				CLANG_WARN_UNREACHABLE_CODE = YES;
				CLANG_WARN__DUPLICATE_METHOD_MATCH = YES;
				COPY_PHASE_STRIP = NO;
				DEBUG_INFORMATION_FORMAT = "dwarf-with-dsym";
				"DEVELOPMENT_TEAM[sdk=*]" = "";
				ENABLE_NS_ASSERTIONS = NO;
				ENABLE_STRICT_OBJC_MSGSEND = YES;
				GCC_C_LANGUAGE_STANDARD = gnu11;
				GCC_NO_COMMON_BLOCKS = YES;
				GCC_WARN_64_TO_32_BIT_CONVERSION = YES;
				GCC_WARN_ABOUT_RETURN_TYPE = YES_ERROR;
				GCC_WARN_UNDECLARED_SELECTOR = YES;
				GCC_WARN_UNINITIALIZED_AUTOS = YES_AGGRESSIVE;
				GCC_WARN_UNUSED_FUNCTION = YES;
				GCC_WARN_UNUSED_VARIABLE = YES;
				IPHONEOS_DEPLOYMENT_TARGET = 14.3;
				MTL_ENABLE_DEBUG_INFO = NO;
				MTL_FAST_MATH = YES;
				SDKROOT = iphoneos;
				SWIFT_COMPILATION_MODE = wholemodule;
				SWIFT_OPTIMIZATION_LEVEL = "-O";
				VALIDATE_PRODUCT = YES;
			};
			name = Release;
		};
		3EB89021251A55740028FED0 /* Debug */ = {
			isa = XCBuildConfiguration;
			buildSettings = {
				ALWAYS_EMBED_SWIFT_STANDARD_LIBRARIES = YES;
				ASSETCATALOG_COMPILER_APPICON_NAME = AppIcon;
				ASSETCATALOG_COMPILER_GLOBAL_ACCENT_COLOR_NAME = AccentColor;
				CODE_SIGN_STYLE = Automatic;
				DEVELOPMENT_ASSET_PATHS = "\"Weather/Preview Content\"";
				DEVELOPMENT_TEAM = N6J2M765XY;
				ENABLE_PREVIEWS = YES;
				INFOPLIST_FILE = Weather/Info.plist;
				IPHONEOS_DEPLOYMENT_TARGET = 14.3;
				LD_RUNPATH_SEARCH_PATHS = (
					"$(inherited)",
					"@executable_path/Frameworks",
				);
				PRODUCT_BUNDLE_IDENTIFIER = cloud.bolte.Weather;
				PRODUCT_NAME = "$(TARGET_NAME)";
				SWIFT_VERSION = 5.0;
				TARGETED_DEVICE_FAMILY = "1,2";
			};
			name = Debug;
		};
		3EB89022251A55740028FED0 /* Release */ = {
			isa = XCBuildConfiguration;
			buildSettings = {
				ALWAYS_EMBED_SWIFT_STANDARD_LIBRARIES = YES;
				ASSETCATALOG_COMPILER_APPICON_NAME = AppIcon;
				ASSETCATALOG_COMPILER_GLOBAL_ACCENT_COLOR_NAME = AccentColor;
				CODE_SIGN_STYLE = Automatic;
				DEVELOPMENT_ASSET_PATHS = "\"Weather/Preview Content\"";
				DEVELOPMENT_TEAM = N6J2M765XY;
				ENABLE_PREVIEWS = YES;
				INFOPLIST_FILE = Weather/Info.plist;
				IPHONEOS_DEPLOYMENT_TARGET = 14.3;
				LD_RUNPATH_SEARCH_PATHS = (
					"$(inherited)",
					"@executable_path/Frameworks",
				);
				PRODUCT_BUNDLE_IDENTIFIER = cloud.bolte.Weather;
				PRODUCT_NAME = "$(TARGET_NAME)";
				SWIFT_VERSION = 5.0;
				TARGETED_DEVICE_FAMILY = "1,2";
			};
			name = Release;
		};
		3EB89038251A55980028FED0 /* Debug */ = {
			isa = XCBuildConfiguration;
			buildSettings = {
				ASSETCATALOG_COMPILER_GLOBAL_ACCENT_COLOR_NAME = AccentColor;
				ASSETCATALOG_COMPILER_WIDGET_BACKGROUND_COLOR_NAME = WidgetBackground;
				CODE_SIGN_STYLE = Automatic;
				DEVELOPMENT_TEAM = N6J2M765XY;
				INFOPLIST_FILE = WeatherWidget/Info.plist;
				IPHONEOS_DEPLOYMENT_TARGET = 14.3;
				LD_RUNPATH_SEARCH_PATHS = (
					"$(inherited)",
					"@executable_path/Frameworks",
					"@executable_path/../../Frameworks",
				);
				PRODUCT_BUNDLE_IDENTIFIER = cloud.bolte.Weather.WeatherWidget;
				PRODUCT_NAME = "$(TARGET_NAME)";
				SKIP_INSTALL = YES;
				SWIFT_VERSION = 5.0;
				TARGETED_DEVICE_FAMILY = "1,2";
			};
			name = Debug;
		};
		3EB89039251A55980028FED0 /* Release */ = {
			isa = XCBuildConfiguration;
			buildSettings = {
				ASSETCATALOG_COMPILER_GLOBAL_ACCENT_COLOR_NAME = AccentColor;
				ASSETCATALOG_COMPILER_WIDGET_BACKGROUND_COLOR_NAME = WidgetBackground;
				CODE_SIGN_STYLE = Automatic;
				DEVELOPMENT_TEAM = N6J2M765XY;
				INFOPLIST_FILE = WeatherWidget/Info.plist;
				IPHONEOS_DEPLOYMENT_TARGET = 14.3;
				LD_RUNPATH_SEARCH_PATHS = (
					"$(inherited)",
					"@executable_path/Frameworks",
					"@executable_path/../../Frameworks",
				);
				PRODUCT_BUNDLE_IDENTIFIER = cloud.bolte.Weather.WeatherWidget;
				PRODUCT_NAME = "$(TARGET_NAME)";
				SKIP_INSTALL = YES;
				SWIFT_VERSION = 5.0;
				TARGETED_DEVICE_FAMILY = "1,2";
			};
			name = Release;
		};
/* End XCBuildConfiguration section */

/* Begin XCConfigurationList section */
		3EB8900C251A55700028FED0 /* Build configuration list for PBXProject "Weather" */ = {
			isa = XCConfigurationList;
			buildConfigurations = (
				3EB8901E251A55740028FED0 /* Debug */,
				3EB8901F251A55740028FED0 /* Release */,
			);
			defaultConfigurationIsVisible = 0;
			defaultConfigurationName = Release;
		};
		3EB89020251A55740028FED0 /* Build configuration list for PBXNativeTarget "Weather" */ = {
			isa = XCConfigurationList;
			buildConfigurations = (
				3EB89021251A55740028FED0 /* Debug */,
				3EB89022251A55740028FED0 /* Release */,
			);
			defaultConfigurationIsVisible = 0;
			defaultConfigurationName = Release;
		};
		3EB89037251A55980028FED0 /* Build configuration list for PBXNativeTarget "WeatherWidgetExtension" */ = {
			isa = XCConfigurationList;
			buildConfigurations = (
				3EB89038251A55980028FED0 /* Debug */,
				3EB89039251A55980028FED0 /* Release */,
			);
			defaultConfigurationIsVisible = 0;
			defaultConfigurationName = Release;
		};
/* End XCConfigurationList section */

/* Begin XCRemoteSwiftPackageReference section */
		25D2645B26C7D23C00BE90A1 /* XCRemoteSwiftPackageReference "swiftui-charts" */ = {
			isa = XCRemoteSwiftPackageReference;
			repositoryURL = "https://github.com/spacenation/swiftui-charts";
			requirement = {
				kind = upToNextMajorVersion;
				minimumVersion = 1.0.0;
			};
		};
/* End XCRemoteSwiftPackageReference section */

/* Begin XCSwiftPackageProductDependency section */
		25D2645C26C7D23C00BE90A1 /* Charts */ = {
			isa = XCSwiftPackageProductDependency;
			package = 25D2645B26C7D23C00BE90A1 /* XCRemoteSwiftPackageReference "swiftui-charts" */;
			productName = Charts;
		};
/* End XCSwiftPackageProductDependency section */
	};
	rootObject = 3EB89009251A55700028FED0 /* Project object */;
}
