// !$*UTF8*$!
{
	archiveVersion = 1;
	classes = {
	};
	objectVersion = 54;
	objects = {

/* Begin PBXBuildFile section */
		250163DA2B093C0B00EEF882 /* CityService.swift in Sources */ = {isa = PBXBuildFile; fileRef = 25E30B2A26CD9B31007F468D /* CityService.swift */; };
		2505C94D29E5F0D200BDB0A8 /* PrecipitationLockscreenWidget.swift in Sources */ = {isa = PBXBuildFile; fileRef = 2505C94C29E5F0D200BDB0A8 /* PrecipitationLockscreenWidget.swift */; };
		251FE39127C5674400D26F0F /* WMSTileOverlay.swift in Sources */ = {isa = PBXBuildFile; fileRef = 251FE39027C5674400D26F0F /* WMSTileOverlay.swift */; };
		2523367D27C3E9D500C2111A /* RainModel.swift in Sources */ = {isa = PBXBuildFile; fileRef = 2523367C27C3E9D500C2111A /* RainModel.swift */; };
		2523367F27C3EB3900C2111A /* RainView.swift in Sources */ = {isa = PBXBuildFile; fileRef = 2523367E27C3EB3900C2111A /* RainView.swift */; };
		25288A0126D130E300A612AF /* SPIndicator in Frameworks */ = {isa = PBXBuildFile; productRef = 25288A0026D130E300A612AF /* SPIndicator */; };
		2533940827C434900087C220 /* DWDAlerts.swift in Sources */ = {isa = PBXBuildFile; fileRef = 2533940727C434900087C220 /* DWDAlerts.swift */; };
		2533940A27C43F810087C220 /* AlertView.swift in Sources */ = {isa = PBXBuildFile; fileRef = 2533940927C43F810087C220 /* AlertView.swift */; };
		2535259E26DB7FDF000AA927 /* WeatherMapsResponse.swift in Sources */ = {isa = PBXBuildFile; fileRef = 25D90A5226C40DB800128F7A /* WeatherMapsResponse.swift */; };
		2536438126DACCB800C8A952 /* LegalView.swift in Sources */ = {isa = PBXBuildFile; fileRef = 2536438026DACCB800C8A952 /* LegalView.swift */; };
		253BA17F2B093CE30070BD5E /* DataModels.xcdatamodeld in Sources */ = {isa = PBXBuildFile; fileRef = 25BEDCE226CACF7D00D90D6B /* DataModels.xcdatamodeld */; };
		253BA18C2B0941670070BD5E /* LocationService.swift in Sources */ = {isa = PBXBuildFile; fileRef = 253BA18B2B0941670070BD5E /* LocationService.swift */; };
		253F70872B5314B70075D093 /* APIClient.swift in Sources */ = {isa = PBXBuildFile; fileRef = 25CB17E22B470335001D973A /* APIClient.swift */; };
		253F70892950FA0F000BD4C0 /* RadarWidget.swift in Sources */ = {isa = PBXBuildFile; fileRef = 3EB8902F251A55950028FED0 /* RadarWidget.swift */; };
		253F708B29510B06000BD4C0 /* AQIView.swift in Sources */ = {isa = PBXBuildFile; fileRef = 253F708A29510B06000BD4C0 /* AQIView.swift */; };
		253F708C2B5316A90075D093 /* OpenAPIRuntime in Frameworks */ = {isa = PBXBuildFile; productRef = 253F708B2B5316A90075D093 /* OpenAPIRuntime */; };
		253F708D2951118D000BD4C0 /* AQIResponse.swift in Sources */ = {isa = PBXBuildFile; fileRef = 253F708C2951118D000BD4C0 /* AQIResponse.swift */; };
		253F708E2B5316A90075D093 /* OpenAPIURLSession in Frameworks */ = {isa = PBXBuildFile; productRef = 253F708D2B5316A90075D093 /* OpenAPIURLSession */; };
		253F708F2B5316BC0075D093 /* openapi.yml in Resources */ = {isa = PBXBuildFile; fileRef = 257D07DC2AC355EC005EBD16 /* openapi.yml */; };
		253F70902B5316BC0075D093 /* openapi-generator-config.yml in Resources */ = {isa = PBXBuildFile; fileRef = 257D07DE2AC3561C005EBD16 /* openapi-generator-config.yml */; };
		253F70932B5319D20075D093 /* LocationService.swift in Sources */ = {isa = PBXBuildFile; fileRef = 253BA18B2B0941670070BD5E /* LocationService.swift */; };
		253F70962B5319DD0075D093 /* CityService.swift in Sources */ = {isa = PBXBuildFile; fileRef = 25E30B2A26CD9B31007F468D /* CityService.swift */; };
		253F70972B5319EC0075D093 /* PersistenceController.swift in Sources */ = {isa = PBXBuildFile; fileRef = 25BEDCE526CACFC900D90D6B /* PersistenceController.swift */; };
		253F709C2B5333BE0075D093 /* APIResultExtensions.swift in Sources */ = {isa = PBXBuildFile; fileRef = 25CB17E92B470461001D973A /* APIResultExtensions.swift */; };
		25429BD329E5F94100D5979F /* Oscar_WatchApp.swift in Sources */ = {isa = PBXBuildFile; fileRef = 25429BD229E5F94100D5979F /* Oscar_WatchApp.swift */; };
		25429BD529E5F94100D5979F /* ContentView.swift in Sources */ = {isa = PBXBuildFile; fileRef = 25429BD429E5F94100D5979F /* ContentView.swift */; };
		25429BD729E5F94300D5979F /* Assets.xcassets in Resources */ = {isa = PBXBuildFile; fileRef = 25429BD629E5F94300D5979F /* Assets.xcassets */; };
		25429BDA29E5F94300D5979F /* Preview Assets.xcassets in Resources */ = {isa = PBXBuildFile; fileRef = 25429BD929E5F94300D5979F /* Preview Assets.xcassets */; };
		25429BDD29E5F94300D5979F /* Oscar°Watch Watch App.app in Embed Watch Content */ = {isa = PBXBuildFile; fileRef = 25429BD029E5F94100D5979F /* Oscar°Watch Watch App.app */; settings = {ATTRIBUTES = (RemoveHeadersOnCopy, ); }; };
		25429BE729E5F9B000D5979F /* WidgetKit.framework in Frameworks */ = {isa = PBXBuildFile; fileRef = 3EB8902A251A55950028FED0 /* WidgetKit.framework */; };
		25429BE829E5F9B000D5979F /* SwiftUI.framework in Frameworks */ = {isa = PBXBuildFile; fileRef = 3EB8902C251A55950028FED0 /* SwiftUI.framework */; };
		25429BEB29E5F9B000D5979F /* Oscar_WatchWidget.swift in Sources */ = {isa = PBXBuildFile; fileRef = 25429BEA29E5F9B000D5979F /* Oscar_WatchWidget.swift */; };
		25429BEE29E5F9B300D5979F /* Assets.xcassets in Resources */ = {isa = PBXBuildFile; fileRef = 25429BED29E5F9B300D5979F /* Assets.xcassets */; };
		25429BF029E5F9B300D5979F /* Oscar_WatchWidget.intentdefinition in Sources */ = {isa = PBXBuildFile; fileRef = 25429BEC29E5F9B000D5979F /* Oscar_WatchWidget.intentdefinition */; };
		25429BF129E5F9B300D5979F /* Oscar_WatchWidget.intentdefinition in Sources */ = {isa = PBXBuildFile; fileRef = 25429BEC29E5F9B000D5979F /* Oscar_WatchWidget.intentdefinition */; };
		25429BF429E5F9B300D5979F /* Oscar°WatchWidgetExtension.appex in Embed Foundation Extensions */ = {isa = PBXBuildFile; fileRef = 25429BE629E5F9B000D5979F /* Oscar°WatchWidgetExtension.appex */; settings = {ATTRIBUTES = (RemoveHeadersOnCopy, ); }; };
		25429BFA29E5FA5300D5979F /* Alamofire in Frameworks */ = {isa = PBXBuildFile; productRef = 25429BF929E5FA5300D5979F /* Alamofire */; };
		25429BFB29E5FAC600D5979F /* LockscreenProvider.swift in Sources */ = {isa = PBXBuildFile; fileRef = 2546516929E4935600D8C13D /* LockscreenProvider.swift */; };
		25429BFC29E5FAE600D5979F /* OscarWidgetsBundle.swift in Sources */ = {isa = PBXBuildFile; fileRef = 3ED4AEAF254551DD0057DF2F /* OscarWidgetsBundle.swift */; };
		25429C0029E5FAEF00D5979F /* PrecipitationLockscreenWidget.swift in Sources */ = {isa = PBXBuildFile; fileRef = 2505C94C29E5F0D200BDB0A8 /* PrecipitationLockscreenWidget.swift */; };
		25429C0129E5FAF200D5979F /* TemperatureLockscreenWidget.swift in Sources */ = {isa = PBXBuildFile; fileRef = 2546516329E4905E00D8C13D /* TemperatureLockscreenWidget.swift */; };
		25429C0229E5FAF600D5979F /* OMDayTemperature.swift in Sources */ = {isa = PBXBuildFile; fileRef = 2546516C29E494DB00D8C13D /* OMDayTemperature.swift */; };
		2546516429E4905E00D8C13D /* TemperatureLockscreenWidget.swift in Sources */ = {isa = PBXBuildFile; fileRef = 2546516329E4905E00D8C13D /* TemperatureLockscreenWidget.swift */; };
		2546516729E492E500D8C13D /* RadarProvider.swift in Sources */ = {isa = PBXBuildFile; fileRef = 2546516629E492E500D8C13D /* RadarProvider.swift */; };
		2546516A29E4935600D8C13D /* LockscreenProvider.swift in Sources */ = {isa = PBXBuildFile; fileRef = 2546516929E4935600D8C13D /* LockscreenProvider.swift */; };
		2546516D29E494DB00D8C13D /* OMDayTemperature.swift in Sources */ = {isa = PBXBuildFile; fileRef = 2546516C29E494DB00D8C13D /* OMDayTemperature.swift */; };
		255950952B45B16000122324 /* SearchCityView.swift in Sources */ = {isa = PBXBuildFile; fileRef = 255950942B45B16000122324 /* SearchCityView.swift */; };
		255ED6E327A6D67800AE9696 /* BrightskyResponse.swift in Sources */ = {isa = PBXBuildFile; fileRef = 255ED6E227A6D67800AE9696 /* BrightskyResponse.swift */; };
		25761D4F29F1CC85006976BE /* Cloud.swift in Sources */ = {isa = PBXBuildFile; fileRef = 25ED799F29F1A7DE002E0AAB /* Cloud.swift */; };
		25761D5029F1CF14006976BE /* Storm.swift in Sources */ = {isa = PBXBuildFile; fileRef = 25ED79AA29F1A7DF002E0AAB /* Storm.swift */; };
		25761D5129F1D083006976BE /* StormDrop.swift in Sources */ = {isa = PBXBuildFile; fileRef = 25ED79A729F1A7DF002E0AAB /* StormDrop.swift */; };
		2576B2032B586E6C004E288A /* GlobalViewExtensions.swift in Sources */ = {isa = PBXBuildFile; fileRef = 25CB17E72B47043A001D973A /* GlobalViewExtensions.swift */; };
		258B223229A81E7500E4ECCE /* Charts in Frameworks */ = {isa = PBXBuildFile; productRef = 258B223129A81E7500E4ECCE /* Charts */; };
		258EE2ED2B5EF4E900AE942B /* RetryClientMiddleware.swift in Sources */ = {isa = PBXBuildFile; fileRef = 258EE2EC2B5EF4E900AE942B /* RetryClientMiddleware.swift */; };
		258EE2F62B5EF58100AE942B /* RetryClientMiddleware.swift in Sources */ = {isa = PBXBuildFile; fileRef = 258EE2EC2B5EF4E900AE942B /* RetryClientMiddleware.swift */; };
		2590816B28EADDB500886A0E /* Alamofire in Frameworks */ = {isa = PBXBuildFile; productRef = 2590816A28EADDB500886A0E /* Alamofire */; };
		259623D02A2BD6BF00BA75F6 /* HomeProvider.swift in Sources */ = {isa = PBXBuildFile; fileRef = 259623CF2A2BD6BF00BA75F6 /* HomeProvider.swift */; };
		259623D32A2BD79200BA75F6 /* NowTodayWidget.swift in Sources */ = {isa = PBXBuildFile; fileRef = 259623D12A2BD72C00BA75F6 /* NowTodayWidget.swift */; };
		259623D42A2BD96600BA75F6 /* Color-Interpolation.swift in Sources */ = {isa = PBXBuildFile; fileRef = 25ED799429F1A7C6002E0AAB /* Color-Interpolation.swift */; };
		259623D52A2BD97300BA75F6 /* Array-GradientStop.swift in Sources */ = {isa = PBXBuildFile; fileRef = 25ED79A929F1A7DF002E0AAB /* Array-GradientStop.swift */; };
		259623D62A2BD97C00BA75F6 /* Color-Custom.swift in Sources */ = {isa = PBXBuildFile; fileRef = 25ED79A029F1A7DE002E0AAB /* Color-Custom.swift */; };
		2596CBBF258BE65300B1C200 /* NowViewModel.swift in Sources */ = {isa = PBXBuildFile; fileRef = 2596CBBE258BE65300B1C200 /* NowViewModel.swift */; };
		259704DF2757CB0D00DFCA53 /* Alamofire in Frameworks */ = {isa = PBXBuildFile; productRef = 259704DE2757CB0D00DFCA53 /* Alamofire */; };
		259704E12757D19C00DFCA53 /* AlertResponse.swift in Sources */ = {isa = PBXBuildFile; fileRef = 259704E02757D19C00DFCA53 /* AlertResponse.swift */; };
		259704E52757D7E800DFCA53 /* AlertDetailView.swift in Sources */ = {isa = PBXBuildFile; fileRef = 259704E42757D7E800DFCA53 /* AlertDetailView.swift */; };
		259EDA6C29ABC19F00F94996 /* RainRadarView.swift in Sources */ = {isa = PBXBuildFile; fileRef = 259EDA6B29ABC19F00F94996 /* RainRadarView.swift */; };
		25A0CEDD26C4068300DD4A79 /* RadarView.swift in Sources */ = {isa = PBXBuildFile; fileRef = 25A0CEDC26C4068300DD4A79 /* RadarView.swift */; };
		25BEDCE426CACF7D00D90D6B /* DataModels.xcdatamodeld in Sources */ = {isa = PBXBuildFile; fileRef = 25BEDCE226CACF7D00D90D6B /* DataModels.xcdatamodeld */; };
		25BEDCE626CACFC900D90D6B /* PersistenceController.swift in Sources */ = {isa = PBXBuildFile; fileRef = 25BEDCE526CACFC900D90D6B /* PersistenceController.swift */; };
		25BF3F9A289FECDF008E7566 /* OpenMeteoResponse.swift in Sources */ = {isa = PBXBuildFile; fileRef = 25BF3F99289FECDF008E7566 /* OpenMeteoResponse.swift */; };
		25C42FFD2AC35EE2001DA5FC /* openapi.yml in Resources */ = {isa = PBXBuildFile; fileRef = 257D07DC2AC355EC005EBD16 /* openapi.yml */; };
		25C42FFE2AC35EE2001DA5FC /* openapi-generator-config.yml in Resources */ = {isa = PBXBuildFile; fileRef = 257D07DE2AC3561C005EBD16 /* openapi-generator-config.yml */; };
		25C4300F2AC36165001DA5FC /* OpenAPIRuntime in Frameworks */ = {isa = PBXBuildFile; productRef = 25C4300E2AC36165001DA5FC /* OpenAPIRuntime */; };
		25C430122AC36173001DA5FC /* OpenAPIURLSession in Frameworks */ = {isa = PBXBuildFile; productRef = 25C430112AC36173001DA5FC /* OpenAPIURLSession */; };
		25CB17DB2B46EA6F001D973A /* RadarImageView.swift in Sources */ = {isa = PBXBuildFile; fileRef = 25CB17DA2B46EA6F001D973A /* RadarImageView.swift */; };
		25CB17DE2B46EB61001D973A /* LegalTextView.swift in Sources */ = {isa = PBXBuildFile; fileRef = 25CB17DD2B46EB61001D973A /* LegalTextView.swift */; };
		25CB17E32B470335001D973A /* APIClient.swift in Sources */ = {isa = PBXBuildFile; fileRef = 25CB17E22B470335001D973A /* APIClient.swift */; };
		25CB17E52B4703CD001D973A /* WeatherObservable.swift in Sources */ = {isa = PBXBuildFile; fileRef = 25CB17E42B4703CD001D973A /* WeatherObservable.swift */; };
		25CB17E82B47043A001D973A /* GlobalViewExtensions.swift in Sources */ = {isa = PBXBuildFile; fileRef = 25CB17E72B47043A001D973A /* GlobalViewExtensions.swift */; };
		25CB17EA2B470461001D973A /* APIResultExtensions.swift in Sources */ = {isa = PBXBuildFile; fileRef = 25CB17E92B470461001D973A /* APIResultExtensions.swift */; };
		25CB17EB2B4704E1001D973A /* LocationManager.swift in Sources */ = {isa = PBXBuildFile; fileRef = 25D003C526CD490200FFF8B8 /* LocationManager.swift */; };
		25CB17EC2B4704E1001D973A /* LocationManager.swift in Sources */ = {isa = PBXBuildFile; fileRef = 25D003C526CD490200FFF8B8 /* LocationManager.swift */; };
		25CB17ED2B4704E2001D973A /* LocationManager.swift in Sources */ = {isa = PBXBuildFile; fileRef = 25D003C526CD490200FFF8B8 /* LocationManager.swift */; };
		25CBB63C2B44A13600223B69 /* WeatherSimulationView.swift in Sources */ = {isa = PBXBuildFile; fileRef = 25CBB63B2B44A13600223B69 /* WeatherSimulationView.swift */; };
		25D003C626CD490200FFF8B8 /* LocationManager.swift in Sources */ = {isa = PBXBuildFile; fileRef = 25D003C526CD490200FFF8B8 /* LocationManager.swift */; };
		25D72B2727C67016001F43FC /* SettingService.swift in Sources */ = {isa = PBXBuildFile; fileRef = 25D72B2627C67016001F43FC /* SettingService.swift */; };
		25D90A5326C40DB800128F7A /* WeatherMapsResponse.swift in Sources */ = {isa = PBXBuildFile; fileRef = 25D90A5226C40DB800128F7A /* WeatherMapsResponse.swift */; };
		25DA7A1A27A420970062E02B /* MapDetailView.swift in Sources */ = {isa = PBXBuildFile; fileRef = 25DA7A1927A420970062E02B /* MapDetailView.swift */; };
		25E0170528EAE8460037ED8C /* OpenMeteoResponse.swift in Sources */ = {isa = PBXBuildFile; fileRef = 25BF3F99289FECDF008E7566 /* OpenMeteoResponse.swift */; };
		25ED4A4727A2F5C60050C4A9 /* HeadView.swift in Sources */ = {isa = PBXBuildFile; fileRef = 25ED4A4627A2F5C60050C4A9 /* HeadView.swift */; };
		25ED799529F1A7C6002E0AAB /* Color-Interpolation.swift in Sources */ = {isa = PBXBuildFile; fileRef = 25ED799429F1A7C6002E0AAB /* Color-Interpolation.swift */; };
		25ED79AB29F1A7DF002E0AAB /* Meteor.swift in Sources */ = {isa = PBXBuildFile; fileRef = 25ED799629F1A7DD002E0AAB /* Meteor.swift */; };
		25ED79AF29F1A7DF002E0AAB /* StarsView.swift in Sources */ = {isa = PBXBuildFile; fileRef = 25ED799A29F1A7DD002E0AAB /* StarsView.swift */; };
		25ED79B029F1A7DF002E0AAB /* StormView.swift in Sources */ = {isa = PBXBuildFile; fileRef = 25ED799B29F1A7DD002E0AAB /* StormView.swift */; };
		25ED79B129F1A7DF002E0AAB /* MeteorShower.swift in Sources */ = {isa = PBXBuildFile; fileRef = 25ED799C29F1A7DE002E0AAB /* MeteorShower.swift */; };
		25ED79B229F1A7DF002E0AAB /* StarField.swift in Sources */ = {isa = PBXBuildFile; fileRef = 25ED799D29F1A7DE002E0AAB /* StarField.swift */; };
		25ED79B329F1A7DF002E0AAB /* CloudGroup.swift in Sources */ = {isa = PBXBuildFile; fileRef = 25ED799E29F1A7DE002E0AAB /* CloudGroup.swift */; };
		25ED79B429F1A7DF002E0AAB /* Cloud.swift in Sources */ = {isa = PBXBuildFile; fileRef = 25ED799F29F1A7DE002E0AAB /* Cloud.swift */; };
		25ED79B529F1A7DF002E0AAB /* Color-Custom.swift in Sources */ = {isa = PBXBuildFile; fileRef = 25ED79A029F1A7DE002E0AAB /* Color-Custom.swift */; };
		25ED79B829F1A7DF002E0AAB /* CloudsView.swift in Sources */ = {isa = PBXBuildFile; fileRef = 25ED79A329F1A7DE002E0AAB /* CloudsView.swift */; };
		25ED79BB29F1A7DF002E0AAB /* Star.swift in Sources */ = {isa = PBXBuildFile; fileRef = 25ED79A629F1A7DE002E0AAB /* Star.swift */; };
		25ED79BC29F1A7DF002E0AAB /* StormDrop.swift in Sources */ = {isa = PBXBuildFile; fileRef = 25ED79A729F1A7DF002E0AAB /* StormDrop.swift */; };
		25ED79BD29F1A7DF002E0AAB /* SunView.swift in Sources */ = {isa = PBXBuildFile; fileRef = 25ED79A829F1A7DF002E0AAB /* SunView.swift */; };
		25ED79BE29F1A7DF002E0AAB /* Array-GradientStop.swift in Sources */ = {isa = PBXBuildFile; fileRef = 25ED79A929F1A7DF002E0AAB /* Array-GradientStop.swift */; };
		25ED79BF29F1A7DF002E0AAB /* Storm.swift in Sources */ = {isa = PBXBuildFile; fileRef = 25ED79AA29F1A7DF002E0AAB /* Storm.swift */; };
		3E22B523251D151300D86A58 /* WeatherApp.swift in Sources */ = {isa = PBXBuildFile; fileRef = 3EB89014251A55700028FED0 /* WeatherApp.swift */; };
		3E6117082544B27600B68120 /* HourlyView.swift in Sources */ = {isa = PBXBuildFile; fileRef = 3E6117072544B27600B68120 /* HourlyView.swift */; };
		3E61170C2544B2D300B68120 /* DailyView.swift in Sources */ = {isa = PBXBuildFile; fileRef = 3E61170B2544B2D300B68120 /* DailyView.swift */; };
		3EB89017251A55700028FED0 /* NowView.swift in Sources */ = {isa = PBXBuildFile; fileRef = 3EB89016251A55700028FED0 /* NowView.swift */; };
		3EB89019251A55740028FED0 /* Assets.xcassets in Resources */ = {isa = PBXBuildFile; fileRef = 3EB89018251A55740028FED0 /* Assets.xcassets */; };
		3EB8901C251A55740028FED0 /* Preview Assets.xcassets in Resources */ = {isa = PBXBuildFile; fileRef = 3EB8901B251A55740028FED0 /* Preview Assets.xcassets */; };
		3EB8902B251A55950028FED0 /* WidgetKit.framework in Frameworks */ = {isa = PBXBuildFile; fileRef = 3EB8902A251A55950028FED0 /* WidgetKit.framework */; };
		3EB8902D251A55950028FED0 /* SwiftUI.framework in Frameworks */ = {isa = PBXBuildFile; fileRef = 3EB8902C251A55950028FED0 /* SwiftUI.framework */; };
		3EB89032251A55980028FED0 /* Assets.xcassets in Resources */ = {isa = PBXBuildFile; fileRef = 3EB89031251A55980028FED0 /* Assets.xcassets */; };
		3EB89036251A55980028FED0 /* Oscar°WidgetExtension.appex in Embed Foundation Extensions */ = {isa = PBXBuildFile; fileRef = 3EB89028251A55950028FED0 /* Oscar°WidgetExtension.appex */; settings = {ATTRIBUTES = (RemoveHeadersOnCopy, ); }; };
		3ED4AEB0254551DE0057DF2F /* OscarWidgetsBundle.swift in Sources */ = {isa = PBXBuildFile; fileRef = 3ED4AEAF254551DD0057DF2F /* OscarWidgetsBundle.swift */; };
		6E00C5282B59E36D00C1A805 /* Localizable.xcstrings in Resources */ = {isa = PBXBuildFile; fileRef = 6E00C5272B59E36D00C1A805 /* Localizable.xcstrings */; };
		6E00C52A2B59E44A00C1A805 /* Localizable.xcstrings in Resources */ = {isa = PBXBuildFile; fileRef = 6E00C5292B59E44A00C1A805 /* Localizable.xcstrings */; };
		6E11533D2B59C965004D3273 /* Localizable.xcstrings in Resources */ = {isa = PBXBuildFile; fileRef = 6E11533C2B59C965004D3273 /* Localizable.xcstrings */; };
		6E1153412B59C98B004D3273 /* Localizable.xcstrings in Resources */ = {isa = PBXBuildFile; fileRef = 6E1153402B59C98B004D3273 /* Localizable.xcstrings */; };
		6E1153432B59C9A4004D3273 /* InfoPlist.xcstrings in Resources */ = {isa = PBXBuildFile; fileRef = 6E1153422B59C9A4004D3273 /* InfoPlist.xcstrings */; };
		6E5CBE2E2B5F12400045DCE4 /* InfoPlist.xcstrings in Resources */ = {isa = PBXBuildFile; fileRef = 6E5CBE2D2B5F12400045DCE4 /* InfoPlist.xcstrings */; };
		6EE66C492B59DF3700885CB7 /* InfoPlist.xcstrings in Resources */ = {isa = PBXBuildFile; fileRef = 6EE66C482B59DF3700885CB7 /* InfoPlist.xcstrings */; };
/* End PBXBuildFile section */

/* Begin PBXContainerItemProxy section */
		25429BDB29E5F94300D5979F /* PBXContainerItemProxy */ = {
			isa = PBXContainerItemProxy;
			containerPortal = 3EB89009251A55700028FED0 /* Project object */;
			proxyType = 1;
			remoteGlobalIDString = 25429BCF29E5F94100D5979F;
			remoteInfo = "Oscar°Watch Watch App";
		};
		25429BF229E5F9B300D5979F /* PBXContainerItemProxy */ = {
			isa = PBXContainerItemProxy;
			containerPortal = 3EB89009251A55700028FED0 /* Project object */;
			proxyType = 1;
			remoteGlobalIDString = 25429BE529E5F9B000D5979F;
			remoteInfo = "Oscar°WatchWidgetExtension";
		};
		3EB89034251A55980028FED0 /* PBXContainerItemProxy */ = {
			isa = PBXContainerItemProxy;
			containerPortal = 3EB89009251A55700028FED0 /* Project object */;
			proxyType = 1;
			remoteGlobalIDString = 3EB89027251A55950028FED0;
			remoteInfo = WeatherWidgetExtension;
		};
/* End PBXContainerItemProxy section */

/* Begin PBXCopyFilesBuildPhase section */
		25429BDE29E5F94300D5979F /* Embed Watch Content */ = {
			isa = PBXCopyFilesBuildPhase;
			buildActionMask = 2147483647;
			dstPath = "$(CONTENTS_FOLDER_PATH)/Watch";
			dstSubfolderSpec = 16;
			files = (
				25429BDD29E5F94300D5979F /* Oscar°Watch Watch App.app in Embed Watch Content */,
			);
			name = "Embed Watch Content";
			runOnlyForDeploymentPostprocessing = 0;
		};
		25429BF829E5F9B300D5979F /* Embed Foundation Extensions */ = {
			isa = PBXCopyFilesBuildPhase;
			buildActionMask = 2147483647;
			dstPath = "";
			dstSubfolderSpec = 13;
			files = (
				25429BF429E5F9B300D5979F /* Oscar°WatchWidgetExtension.appex in Embed Foundation Extensions */,
			);
			name = "Embed Foundation Extensions";
			runOnlyForDeploymentPostprocessing = 0;
		};
		3EB8903A251A55980028FED0 /* Embed Foundation Extensions */ = {
			isa = PBXCopyFilesBuildPhase;
			buildActionMask = 2147483647;
			dstPath = "";
			dstSubfolderSpec = 13;
			files = (
				3EB89036251A55980028FED0 /* Oscar°WidgetExtension.appex in Embed Foundation Extensions */,
			);
			name = "Embed Foundation Extensions";
			runOnlyForDeploymentPostprocessing = 0;
		};
/* End PBXCopyFilesBuildPhase section */

/* Begin PBXFileReference section */
		2505C94C29E5F0D200BDB0A8 /* PrecipitationLockscreenWidget.swift */ = {isa = PBXFileReference; lastKnownFileType = sourcecode.swift; path = PrecipitationLockscreenWidget.swift; sourceTree = "<group>"; };
		251FE39027C5674400D26F0F /* WMSTileOverlay.swift */ = {isa = PBXFileReference; lastKnownFileType = sourcecode.swift; path = WMSTileOverlay.swift; sourceTree = "<group>"; };
		2523367C27C3E9D500C2111A /* RainModel.swift */ = {isa = PBXFileReference; lastKnownFileType = sourcecode.swift; path = RainModel.swift; sourceTree = "<group>"; };
		2523367E27C3EB3900C2111A /* RainView.swift */ = {isa = PBXFileReference; lastKnownFileType = sourcecode.swift; path = RainView.swift; sourceTree = "<group>"; };
		2533940727C434900087C220 /* DWDAlerts.swift */ = {isa = PBXFileReference; lastKnownFileType = sourcecode.swift; path = DWDAlerts.swift; sourceTree = "<group>"; };
		2533940927C43F810087C220 /* AlertView.swift */ = {isa = PBXFileReference; lastKnownFileType = sourcecode.swift; path = AlertView.swift; sourceTree = "<group>"; };
		2536438026DACCB800C8A952 /* LegalView.swift */ = {isa = PBXFileReference; lastKnownFileType = sourcecode.swift; path = LegalView.swift; sourceTree = "<group>"; };
		253BA18B2B0941670070BD5E /* LocationService.swift */ = {isa = PBXFileReference; lastKnownFileType = sourcecode.swift; path = LocationService.swift; sourceTree = "<group>"; };
		253F708A29510B06000BD4C0 /* AQIView.swift */ = {isa = PBXFileReference; lastKnownFileType = sourcecode.swift; path = AQIView.swift; sourceTree = "<group>"; };
		253F708C2951118D000BD4C0 /* AQIResponse.swift */ = {isa = PBXFileReference; lastKnownFileType = sourcecode.swift; path = AQIResponse.swift; sourceTree = "<group>"; };
		25429BD029E5F94100D5979F /* Oscar°Watch Watch App.app */ = {isa = PBXFileReference; explicitFileType = wrapper.application; includeInIndex = 0; path = "Oscar°Watch Watch App.app"; sourceTree = BUILT_PRODUCTS_DIR; };
		25429BD229E5F94100D5979F /* Oscar_WatchApp.swift */ = {isa = PBXFileReference; lastKnownFileType = sourcecode.swift; path = Oscar_WatchApp.swift; sourceTree = "<group>"; };
		25429BD429E5F94100D5979F /* ContentView.swift */ = {isa = PBXFileReference; lastKnownFileType = sourcecode.swift; path = ContentView.swift; sourceTree = "<group>"; };
		25429BD629E5F94300D5979F /* Assets.xcassets */ = {isa = PBXFileReference; lastKnownFileType = folder.assetcatalog; path = Assets.xcassets; sourceTree = "<group>"; };
		25429BD929E5F94300D5979F /* Preview Assets.xcassets */ = {isa = PBXFileReference; lastKnownFileType = folder.assetcatalog; path = "Preview Assets.xcassets"; sourceTree = "<group>"; };
		25429BE629E5F9B000D5979F /* Oscar°WatchWidgetExtension.appex */ = {isa = PBXFileReference; explicitFileType = "wrapper.app-extension"; includeInIndex = 0; path = "Oscar°WatchWidgetExtension.appex"; sourceTree = BUILT_PRODUCTS_DIR; };
		25429BEA29E5F9B000D5979F /* Oscar_WatchWidget.swift */ = {isa = PBXFileReference; lastKnownFileType = sourcecode.swift; path = Oscar_WatchWidget.swift; sourceTree = "<group>"; };
		25429BEC29E5F9B000D5979F /* Oscar_WatchWidget.intentdefinition */ = {isa = PBXFileReference; lastKnownFileType = file.intentdefinition; path = Oscar_WatchWidget.intentdefinition; sourceTree = "<group>"; };
		25429BED29E5F9B300D5979F /* Assets.xcassets */ = {isa = PBXFileReference; lastKnownFileType = folder.assetcatalog; path = Assets.xcassets; sourceTree = "<group>"; };
		2546516329E4905E00D8C13D /* TemperatureLockscreenWidget.swift */ = {isa = PBXFileReference; lastKnownFileType = sourcecode.swift; path = TemperatureLockscreenWidget.swift; sourceTree = "<group>"; };
		2546516629E492E500D8C13D /* RadarProvider.swift */ = {isa = PBXFileReference; lastKnownFileType = sourcecode.swift; path = RadarProvider.swift; sourceTree = "<group>"; };
		2546516929E4935600D8C13D /* LockscreenProvider.swift */ = {isa = PBXFileReference; lastKnownFileType = sourcecode.swift; path = LockscreenProvider.swift; sourceTree = "<group>"; };
		2546516C29E494DB00D8C13D /* OMDayTemperature.swift */ = {isa = PBXFileReference; lastKnownFileType = sourcecode.swift; path = OMDayTemperature.swift; sourceTree = "<group>"; };
		255950942B45B16000122324 /* SearchCityView.swift */ = {isa = PBXFileReference; lastKnownFileType = sourcecode.swift; path = SearchCityView.swift; sourceTree = "<group>"; };
		255ED6E227A6D67800AE9696 /* BrightskyResponse.swift */ = {isa = PBXFileReference; lastKnownFileType = sourcecode.swift; path = BrightskyResponse.swift; sourceTree = "<group>"; };
		2575A1D32B53519E006005FC /* Oscar°.entitlements */ = {isa = PBXFileReference; lastKnownFileType = text.plist.entitlements; path = "Oscar°.entitlements"; sourceTree = "<group>"; };
		2575A1D42B5351B3006005FC /* Oscar°WidgetExtension.entitlements */ = {isa = PBXFileReference; lastKnownFileType = text.plist.entitlements; path = "Oscar°WidgetExtension.entitlements"; sourceTree = "<group>"; };
		257D07DC2AC355EC005EBD16 /* openapi.yml */ = {isa = PBXFileReference; lastKnownFileType = text.yaml; path = openapi.yml; sourceTree = "<group>"; };
		257D07DE2AC3561C005EBD16 /* openapi-generator-config.yml */ = {isa = PBXFileReference; lastKnownFileType = text.yaml; path = "openapi-generator-config.yml"; sourceTree = "<group>"; };
		258EE2EC2B5EF4E900AE942B /* RetryClientMiddleware.swift */ = {isa = PBXFileReference; lastKnownFileType = sourcecode.swift; path = RetryClientMiddleware.swift; sourceTree = "<group>"; };
		259623CF2A2BD6BF00BA75F6 /* HomeProvider.swift */ = {isa = PBXFileReference; lastKnownFileType = sourcecode.swift; path = HomeProvider.swift; sourceTree = "<group>"; };
		259623D12A2BD72C00BA75F6 /* NowTodayWidget.swift */ = {isa = PBXFileReference; lastKnownFileType = sourcecode.swift; path = NowTodayWidget.swift; sourceTree = "<group>"; };
		2596CBBE258BE65300B1C200 /* NowViewModel.swift */ = {isa = PBXFileReference; lastKnownFileType = sourcecode.swift; path = NowViewModel.swift; sourceTree = "<group>"; };
		259704E02757D19C00DFCA53 /* AlertResponse.swift */ = {isa = PBXFileReference; lastKnownFileType = sourcecode.swift; path = AlertResponse.swift; sourceTree = "<group>"; };
		259704E42757D7E800DFCA53 /* AlertDetailView.swift */ = {isa = PBXFileReference; lastKnownFileType = sourcecode.swift; path = AlertDetailView.swift; sourceTree = "<group>"; };
		259EDA6B29ABC19F00F94996 /* RainRadarView.swift */ = {isa = PBXFileReference; lastKnownFileType = sourcecode.swift; path = RainRadarView.swift; sourceTree = "<group>"; };
		25A0CEDC26C4068300DD4A79 /* RadarView.swift */ = {isa = PBXFileReference; lastKnownFileType = sourcecode.swift; path = RadarView.swift; sourceTree = "<group>"; };
		25B4C45A2B57441F0069B3B0 /* ci_post_clone.sh */ = {isa = PBXFileReference; lastKnownFileType = text.script.sh; path = ci_post_clone.sh; sourceTree = "<group>"; };
		25BEDCE326CACF7D00D90D6B /* DataModels.xcdatamodel */ = {isa = PBXFileReference; lastKnownFileType = wrapper.xcdatamodel; path = DataModels.xcdatamodel; sourceTree = "<group>"; };
		25BEDCE526CACFC900D90D6B /* PersistenceController.swift */ = {isa = PBXFileReference; lastKnownFileType = sourcecode.swift; path = PersistenceController.swift; sourceTree = "<group>"; };
		25BF3F99289FECDF008E7566 /* OpenMeteoResponse.swift */ = {isa = PBXFileReference; lastKnownFileType = sourcecode.swift; path = OpenMeteoResponse.swift; sourceTree = "<group>"; };
		25CB17DA2B46EA6F001D973A /* RadarImageView.swift */ = {isa = PBXFileReference; lastKnownFileType = sourcecode.swift; path = RadarImageView.swift; sourceTree = "<group>"; };
		25CB17DD2B46EB61001D973A /* LegalTextView.swift */ = {isa = PBXFileReference; lastKnownFileType = sourcecode.swift; path = LegalTextView.swift; sourceTree = "<group>"; };
		25CB17E22B470335001D973A /* APIClient.swift */ = {isa = PBXFileReference; lastKnownFileType = sourcecode.swift; path = APIClient.swift; sourceTree = "<group>"; };
		25CB17E42B4703CD001D973A /* WeatherObservable.swift */ = {isa = PBXFileReference; lastKnownFileType = sourcecode.swift; path = WeatherObservable.swift; sourceTree = "<group>"; };
		25CB17E72B47043A001D973A /* GlobalViewExtensions.swift */ = {isa = PBXFileReference; lastKnownFileType = sourcecode.swift; path = GlobalViewExtensions.swift; sourceTree = "<group>"; };
		25CB17E92B470461001D973A /* APIResultExtensions.swift */ = {isa = PBXFileReference; lastKnownFileType = sourcecode.swift; path = APIResultExtensions.swift; sourceTree = "<group>"; };
		25CBB63B2B44A13600223B69 /* WeatherSimulationView.swift */ = {isa = PBXFileReference; lastKnownFileType = sourcecode.swift; path = WeatherSimulationView.swift; sourceTree = "<group>"; };
		25D003C526CD490200FFF8B8 /* LocationManager.swift */ = {isa = PBXFileReference; lastKnownFileType = sourcecode.swift; path = LocationManager.swift; sourceTree = "<group>"; };
		25D72B2627C67016001F43FC /* SettingService.swift */ = {isa = PBXFileReference; lastKnownFileType = sourcecode.swift; path = SettingService.swift; sourceTree = "<group>"; };
		25D90A5226C40DB800128F7A /* WeatherMapsResponse.swift */ = {isa = PBXFileReference; lastKnownFileType = sourcecode.swift; path = WeatherMapsResponse.swift; sourceTree = "<group>"; };
		25DA7A1927A420970062E02B /* MapDetailView.swift */ = {isa = PBXFileReference; lastKnownFileType = sourcecode.swift; path = MapDetailView.swift; sourceTree = "<group>"; };
		25E30B2A26CD9B31007F468D /* CityService.swift */ = {isa = PBXFileReference; lastKnownFileType = sourcecode.swift; path = CityService.swift; sourceTree = "<group>"; };
		25ED4A4627A2F5C60050C4A9 /* HeadView.swift */ = {isa = PBXFileReference; lastKnownFileType = sourcecode.swift; path = HeadView.swift; sourceTree = "<group>"; };
		25ED799429F1A7C6002E0AAB /* Color-Interpolation.swift */ = {isa = PBXFileReference; fileEncoding = 4; lastKnownFileType = sourcecode.swift; path = "Color-Interpolation.swift"; sourceTree = "<group>"; };
		25ED799629F1A7DD002E0AAB /* Meteor.swift */ = {isa = PBXFileReference; fileEncoding = 4; lastKnownFileType = sourcecode.swift; path = Meteor.swift; sourceTree = "<group>"; };
		25ED799A29F1A7DD002E0AAB /* StarsView.swift */ = {isa = PBXFileReference; fileEncoding = 4; lastKnownFileType = sourcecode.swift; path = StarsView.swift; sourceTree = "<group>"; };
		25ED799B29F1A7DD002E0AAB /* StormView.swift */ = {isa = PBXFileReference; fileEncoding = 4; lastKnownFileType = sourcecode.swift; path = StormView.swift; sourceTree = "<group>"; };
		25ED799C29F1A7DE002E0AAB /* MeteorShower.swift */ = {isa = PBXFileReference; fileEncoding = 4; lastKnownFileType = sourcecode.swift; path = MeteorShower.swift; sourceTree = "<group>"; };
		25ED799D29F1A7DE002E0AAB /* StarField.swift */ = {isa = PBXFileReference; fileEncoding = 4; lastKnownFileType = sourcecode.swift; path = StarField.swift; sourceTree = "<group>"; };
		25ED799E29F1A7DE002E0AAB /* CloudGroup.swift */ = {isa = PBXFileReference; fileEncoding = 4; lastKnownFileType = sourcecode.swift; path = CloudGroup.swift; sourceTree = "<group>"; };
		25ED799F29F1A7DE002E0AAB /* Cloud.swift */ = {isa = PBXFileReference; fileEncoding = 4; lastKnownFileType = sourcecode.swift; path = Cloud.swift; sourceTree = "<group>"; };
		25ED79A029F1A7DE002E0AAB /* Color-Custom.swift */ = {isa = PBXFileReference; fileEncoding = 4; lastKnownFileType = sourcecode.swift; path = "Color-Custom.swift"; sourceTree = "<group>"; };
		25ED79A329F1A7DE002E0AAB /* CloudsView.swift */ = {isa = PBXFileReference; fileEncoding = 4; lastKnownFileType = sourcecode.swift; path = CloudsView.swift; sourceTree = "<group>"; };
		25ED79A629F1A7DE002E0AAB /* Star.swift */ = {isa = PBXFileReference; fileEncoding = 4; lastKnownFileType = sourcecode.swift; path = Star.swift; sourceTree = "<group>"; };
		25ED79A729F1A7DF002E0AAB /* StormDrop.swift */ = {isa = PBXFileReference; fileEncoding = 4; lastKnownFileType = sourcecode.swift; path = StormDrop.swift; sourceTree = "<group>"; };
		25ED79A829F1A7DF002E0AAB /* SunView.swift */ = {isa = PBXFileReference; fileEncoding = 4; lastKnownFileType = sourcecode.swift; path = SunView.swift; sourceTree = "<group>"; };
		25ED79A929F1A7DF002E0AAB /* Array-GradientStop.swift */ = {isa = PBXFileReference; fileEncoding = 4; lastKnownFileType = sourcecode.swift; path = "Array-GradientStop.swift"; sourceTree = "<group>"; };
		25ED79AA29F1A7DF002E0AAB /* Storm.swift */ = {isa = PBXFileReference; fileEncoding = 4; lastKnownFileType = sourcecode.swift; path = Storm.swift; sourceTree = "<group>"; };
		3E6117072544B27600B68120 /* HourlyView.swift */ = {isa = PBXFileReference; lastKnownFileType = sourcecode.swift; path = HourlyView.swift; sourceTree = "<group>"; };
		3E61170B2544B2D300B68120 /* DailyView.swift */ = {isa = PBXFileReference; lastKnownFileType = sourcecode.swift; path = DailyView.swift; sourceTree = "<group>"; };
		3EB89011251A55700028FED0 /* Oscar°.app */ = {isa = PBXFileReference; explicitFileType = wrapper.application; includeInIndex = 0; path = "Oscar°.app"; sourceTree = BUILT_PRODUCTS_DIR; };
		3EB89014251A55700028FED0 /* WeatherApp.swift */ = {isa = PBXFileReference; lastKnownFileType = sourcecode.swift; path = WeatherApp.swift; sourceTree = "<group>"; };
		3EB89016251A55700028FED0 /* NowView.swift */ = {isa = PBXFileReference; lastKnownFileType = sourcecode.swift; path = NowView.swift; sourceTree = "<group>"; };
		3EB89018251A55740028FED0 /* Assets.xcassets */ = {isa = PBXFileReference; lastKnownFileType = folder.assetcatalog; path = Assets.xcassets; sourceTree = "<group>"; };
		3EB8901B251A55740028FED0 /* Preview Assets.xcassets */ = {isa = PBXFileReference; lastKnownFileType = folder.assetcatalog; path = "Preview Assets.xcassets"; sourceTree = "<group>"; };
		3EB89028251A55950028FED0 /* Oscar°WidgetExtension.appex */ = {isa = PBXFileReference; explicitFileType = "wrapper.app-extension"; includeInIndex = 0; path = "Oscar°WidgetExtension.appex"; sourceTree = BUILT_PRODUCTS_DIR; };
		3EB8902A251A55950028FED0 /* WidgetKit.framework */ = {isa = PBXFileReference; lastKnownFileType = wrapper.framework; name = WidgetKit.framework; path = System/Library/Frameworks/WidgetKit.framework; sourceTree = SDKROOT; };
		3EB8902C251A55950028FED0 /* SwiftUI.framework */ = {isa = PBXFileReference; lastKnownFileType = wrapper.framework; name = SwiftUI.framework; path = System/Library/Frameworks/SwiftUI.framework; sourceTree = SDKROOT; };
		3EB8902F251A55950028FED0 /* RadarWidget.swift */ = {isa = PBXFileReference; lastKnownFileType = sourcecode.swift; path = RadarWidget.swift; sourceTree = "<group>"; };
		3EB89031251A55980028FED0 /* Assets.xcassets */ = {isa = PBXFileReference; lastKnownFileType = folder.assetcatalog; path = Assets.xcassets; sourceTree = "<group>"; };
		3ED4AEAF254551DD0057DF2F /* OscarWidgetsBundle.swift */ = {isa = PBXFileReference; lastKnownFileType = sourcecode.swift; path = OscarWidgetsBundle.swift; sourceTree = "<group>"; };
		6E00C5272B59E36D00C1A805 /* Localizable.xcstrings */ = {isa = PBXFileReference; lastKnownFileType = text.json.xcstrings; path = Localizable.xcstrings; sourceTree = "<group>"; };
		6E00C5292B59E44A00C1A805 /* Localizable.xcstrings */ = {isa = PBXFileReference; lastKnownFileType = text.json.xcstrings; path = Localizable.xcstrings; sourceTree = "<group>"; };
		6E11533C2B59C965004D3273 /* Localizable.xcstrings */ = {isa = PBXFileReference; lastKnownFileType = text.json.xcstrings; path = Localizable.xcstrings; sourceTree = "<group>"; };
		6E1153402B59C98B004D3273 /* Localizable.xcstrings */ = {isa = PBXFileReference; lastKnownFileType = text.json.xcstrings; path = Localizable.xcstrings; sourceTree = "<group>"; };
		6E1153422B59C9A4004D3273 /* InfoPlist.xcstrings */ = {isa = PBXFileReference; lastKnownFileType = text.json.xcstrings; path = InfoPlist.xcstrings; sourceTree = "<group>"; };
		6E5CBE2D2B5F12400045DCE4 /* InfoPlist.xcstrings */ = {isa = PBXFileReference; lastKnownFileType = text.json.xcstrings; path = InfoPlist.xcstrings; sourceTree = "<group>"; };
		6EE66C482B59DF3700885CB7 /* InfoPlist.xcstrings */ = {isa = PBXFileReference; lastKnownFileType = text.json.xcstrings; path = InfoPlist.xcstrings; sourceTree = "<group>"; };
		6EFBD1822B56FB1700D6E38E /* Info.plist */ = {isa = PBXFileReference; lastKnownFileType = text.plist.xml; path = Info.plist; sourceTree = "<group>"; };
		6EFBD1842B56FB1C00D6E38E /* Info.plist */ = {isa = PBXFileReference; lastKnownFileType = text.plist.xml; path = Info.plist; sourceTree = "<group>"; };
		6EFBD1862B56FB2100D6E38E /* Info.plist */ = {isa = PBXFileReference; lastKnownFileType = text.plist.xml; path = Info.plist; sourceTree = "<group>"; };
/* End PBXFileReference section */

/* Begin PBXFrameworksBuildPhase section */
		25429BCD29E5F94100D5979F /* Frameworks */ = {
			isa = PBXFrameworksBuildPhase;
			buildActionMask = 2147483647;
			files = (
			);
			runOnlyForDeploymentPostprocessing = 0;
		};
		25429BE329E5F9B000D5979F /* Frameworks */ = {
			isa = PBXFrameworksBuildPhase;
			buildActionMask = 2147483647;
			files = (
				25429BFA29E5FA5300D5979F /* Alamofire in Frameworks */,
				25429BE829E5F9B000D5979F /* SwiftUI.framework in Frameworks */,
				25429BE729E5F9B000D5979F /* WidgetKit.framework in Frameworks */,
			);
			runOnlyForDeploymentPostprocessing = 0;
		};
		3EB8900E251A55700028FED0 /* Frameworks */ = {
			isa = PBXFrameworksBuildPhase;
			buildActionMask = 2147483647;
			files = (
				259704DF2757CB0D00DFCA53 /* Alamofire in Frameworks */,
				258B223229A81E7500E4ECCE /* Charts in Frameworks */,
				25C4300F2AC36165001DA5FC /* OpenAPIRuntime in Frameworks */,
				25C430122AC36173001DA5FC /* OpenAPIURLSession in Frameworks */,
				25288A0126D130E300A612AF /* SPIndicator in Frameworks */,
			);
			runOnlyForDeploymentPostprocessing = 0;
		};
		3EB89025251A55950028FED0 /* Frameworks */ = {
			isa = PBXFrameworksBuildPhase;
			buildActionMask = 2147483647;
			files = (
				2590816B28EADDB500886A0E /* Alamofire in Frameworks */,
				3EB8902D251A55950028FED0 /* SwiftUI.framework in Frameworks */,
				253F708C2B5316A90075D093 /* OpenAPIRuntime in Frameworks */,
				253F708E2B5316A90075D093 /* OpenAPIURLSession in Frameworks */,
				3EB8902B251A55950028FED0 /* WidgetKit.framework in Frameworks */,
			);
			runOnlyForDeploymentPostprocessing = 0;
		};
/* End PBXFrameworksBuildPhase section */

/* Begin PBXGroup section */
		25429BD129E5F94100D5979F /* Oscar°Watch Watch App */ = {
			isa = PBXGroup;
			children = (
				25429BD229E5F94100D5979F /* Oscar_WatchApp.swift */,
				25429BD429E5F94100D5979F /* ContentView.swift */,
				25429BD629E5F94300D5979F /* Assets.xcassets */,
				25429BD829E5F94300D5979F /* Preview Content */,
				6E00C5292B59E44A00C1A805 /* Localizable.xcstrings */,
			);
			path = "Oscar°Watch Watch App";
			sourceTree = "<group>";
		};
		25429BD829E5F94300D5979F /* Preview Content */ = {
			isa = PBXGroup;
			children = (
				25429BD929E5F94300D5979F /* Preview Assets.xcassets */,
			);
			path = "Preview Content";
			sourceTree = "<group>";
		};
		25429BE929E5F9B000D5979F /* Oscar°WatchWidget */ = {
			isa = PBXGroup;
			children = (
				25429BEA29E5F9B000D5979F /* Oscar_WatchWidget.swift */,
				25429BEC29E5F9B000D5979F /* Oscar_WatchWidget.intentdefinition */,
				25429BED29E5F9B300D5979F /* Assets.xcassets */,
				6EFBD1842B56FB1C00D6E38E /* Info.plist */,
				6E00C5272B59E36D00C1A805 /* Localizable.xcstrings */,
				6E5CBE2D2B5F12400045DCE4 /* InfoPlist.xcstrings */,
			);
			path = "Oscar°WatchWidget";
			sourceTree = "<group>";
		};
		2546516529E492D200D8C13D /* Radar */ = {
			isa = PBXGroup;
			children = (
				3EB8902F251A55950028FED0 /* RadarWidget.swift */,
				2546516629E492E500D8C13D /* RadarProvider.swift */,
			);
			path = Radar;
			sourceTree = "<group>";
		};
		2546516829E4933800D8C13D /* Lockscreen */ = {
			isa = PBXGroup;
			children = (
				2546516329E4905E00D8C13D /* TemperatureLockscreenWidget.swift */,
				2546516929E4935600D8C13D /* LockscreenProvider.swift */,
				2505C94C29E5F0D200BDB0A8 /* PrecipitationLockscreenWidget.swift */,
			);
			path = Lockscreen;
			sourceTree = "<group>";
		};
		2546516B29E4941700D8C13D /* Models */ = {
			isa = PBXGroup;
			children = (
				2546516C29E494DB00D8C13D /* OMDayTemperature.swift */,
			);
			path = Models;
			sourceTree = "<group>";
		};
		255C23A7258F90F30066B2BD /* ViewModels */ = {
			isa = PBXGroup;
			children = (
				2596CBBE258BE65300B1C200 /* NowViewModel.swift */,
			);
			path = ViewModels;
			sourceTree = "<group>";
		};
		255C23AE258F93900066B2BD /* NowSubViews */ = {
			isa = PBXGroup;
			children = (
				25ED4A4627A2F5C60050C4A9 /* HeadView.swift */,
				3E6117072544B27600B68120 /* HourlyView.swift */,
				3E61170B2544B2D300B68120 /* DailyView.swift */,
				25A0CEDC26C4068300DD4A79 /* RadarView.swift */,
				2523367E27C3EB3900C2111A /* RainView.swift */,
				2533940927C43F810087C220 /* AlertView.swift */,
				253F708A29510B06000BD4C0 /* AQIView.swift */,
				25CBB63B2B44A13600223B69 /* WeatherSimulationView.swift */,
				25CB17DA2B46EA6F001D973A /* RadarImageView.swift */,
				25CB17DD2B46EB61001D973A /* LegalTextView.swift */,
			);
			path = NowSubViews;
			sourceTree = "<group>";
		};
		259623CE2A2BD6A000BA75F6 /* Home */ = {
			isa = PBXGroup;
			children = (
				259623CF2A2BD6BF00BA75F6 /* HomeProvider.swift */,
				259623D12A2BD72C00BA75F6 /* NowTodayWidget.swift */,
			);
			path = Home;
			sourceTree = "<group>";
		};
		25B4C4592B5744000069B3B0 /* ci_scripts */ = {
			isa = PBXGroup;
			children = (
				25B4C45A2B57441F0069B3B0 /* ci_post_clone.sh */,
			);
			path = ci_scripts;
			sourceTree = "<group>";
		};
		25BEDCE126CACF2900D90D6B /* Storage */ = {
			isa = PBXGroup;
			children = (
				25E30B2A26CD9B31007F468D /* CityService.swift */,
				25D72B2627C67016001F43FC /* SettingService.swift */,
				25BEDCE526CACFC900D90D6B /* PersistenceController.swift */,
				25BEDCE226CACF7D00D90D6B /* DataModels.xcdatamodeld */,
			);
			path = Storage;
			sourceTree = "<group>";
		};
		25CB17E02B4702D1001D973A /* Networking */ = {
			isa = PBXGroup;
			children = (
				257D07DC2AC355EC005EBD16 /* openapi.yml */,
				257D07DE2AC3561C005EBD16 /* openapi-generator-config.yml */,
				25CB17E22B470335001D973A /* APIClient.swift */,
				25D003C526CD490200FFF8B8 /* LocationManager.swift */,
				253BA18B2B0941670070BD5E /* LocationService.swift */,
				25CB17E42B4703CD001D973A /* WeatherObservable.swift */,
				258EE2EC2B5EF4E900AE942B /* RetryClientMiddleware.swift */,
			);
			path = Networking;
			sourceTree = "<group>";
		};
		25CB17E62B470429001D973A /* Extensions */ = {
			isa = PBXGroup;
			children = (
				25CB17E72B47043A001D973A /* GlobalViewExtensions.swift */,
				25CB17E92B470461001D973A /* APIResultExtensions.swift */,
			);
			path = Extensions;
			sourceTree = "<group>";
		};
		25ED799329F1A79D002E0AAB /* Backgrounds */ = {
			isa = PBXGroup;
			children = (
				25ED79A929F1A7DF002E0AAB /* Array-GradientStop.swift */,
				25ED799F29F1A7DE002E0AAB /* Cloud.swift */,
				25ED799E29F1A7DE002E0AAB /* CloudGroup.swift */,
				25ED79A329F1A7DE002E0AAB /* CloudsView.swift */,
				25ED79A029F1A7DE002E0AAB /* Color-Custom.swift */,
				25ED799629F1A7DD002E0AAB /* Meteor.swift */,
				25ED799C29F1A7DE002E0AAB /* MeteorShower.swift */,
				25ED79A629F1A7DE002E0AAB /* Star.swift */,
				25ED799D29F1A7DE002E0AAB /* StarField.swift */,
				25ED799A29F1A7DD002E0AAB /* StarsView.swift */,
				25ED79AA29F1A7DF002E0AAB /* Storm.swift */,
				25ED79A729F1A7DF002E0AAB /* StormDrop.swift */,
				25ED799B29F1A7DD002E0AAB /* StormView.swift */,
				25ED79A829F1A7DF002E0AAB /* SunView.swift */,
				25ED799429F1A7C6002E0AAB /* Color-Interpolation.swift */,
			);
			path = Backgrounds;
			sourceTree = "<group>";
		};
		3E279B21252C752600BAAA20 /* Models */ = {
			isa = PBXGroup;
			children = (
				255ED6E227A6D67800AE9696 /* BrightskyResponse.swift */,
				25D90A5226C40DB800128F7A /* WeatherMapsResponse.swift */,
				259704E02757D19C00DFCA53 /* AlertResponse.swift */,
				2523367C27C3E9D500C2111A /* RainModel.swift */,
				2533940727C434900087C220 /* DWDAlerts.swift */,
				253F708C2951118D000BD4C0 /* AQIResponse.swift */,
				25BF3F99289FECDF008E7566 /* OpenMeteoResponse.swift */,
			);
			path = Models;
			sourceTree = "<group>";
		};
		3E89BBA6252EFEC5006F7BCC /* Views */ = {
			isa = PBXGroup;
			children = (
				25ED799329F1A79D002E0AAB /* Backgrounds */,
				255C23AE258F93900066B2BD /* NowSubViews */,
				3EB89016251A55700028FED0 /* NowView.swift */,
				255950942B45B16000122324 /* SearchCityView.swift */,
				2536438026DACCB800C8A952 /* LegalView.swift */,
				259704E42757D7E800DFCA53 /* AlertDetailView.swift */,
				25DA7A1927A420970062E02B /* MapDetailView.swift */,
				251FE39027C5674400D26F0F /* WMSTileOverlay.swift */,
				259EDA6B29ABC19F00F94996 /* RainRadarView.swift */,
			);
			path = Views;
			sourceTree = "<group>";
		};
		3EB89008251A55700028FED0 = {
			isa = PBXGroup;
			children = (
				3EB89013251A55700028FED0 /* Oscar° */,
				3EB8902E251A55950028FED0 /* Oscar°Widget */,
				25429BD129E5F94100D5979F /* Oscar°Watch Watch App */,
				25429BE929E5F9B000D5979F /* Oscar°WatchWidget */,
				25B4C4592B5744000069B3B0 /* ci_scripts */,
				3EB89029251A55950028FED0 /* Frameworks */,
				3EB89012251A55700028FED0 /* Products */,
			);
			sourceTree = "<group>";
		};
		3EB89012251A55700028FED0 /* Products */ = {
			isa = PBXGroup;
			children = (
				3EB89011251A55700028FED0 /* Oscar°.app */,
				3EB89028251A55950028FED0 /* Oscar°WidgetExtension.appex */,
				25429BD029E5F94100D5979F /* Oscar°Watch Watch App.app */,
				25429BE629E5F9B000D5979F /* Oscar°WatchWidgetExtension.appex */,
			);
			name = Products;
			sourceTree = "<group>";
		};
		3EB89013251A55700028FED0 /* Oscar° */ = {
			isa = PBXGroup;
			children = (
				6EE66C482B59DF3700885CB7 /* InfoPlist.xcstrings */,
				6E11533C2B59C965004D3273 /* Localizable.xcstrings */,
				25CB17E62B470429001D973A /* Extensions */,
				25BEDCE126CACF2900D90D6B /* Storage */,
				3E89BBA6252EFEC5006F7BCC /* Views */,
				255C23A7258F90F30066B2BD /* ViewModels */,
				3E279B21252C752600BAAA20 /* Models */,
				25CB17E02B4702D1001D973A /* Networking */,
				3EB89014251A55700028FED0 /* WeatherApp.swift */,
				2575A1D32B53519E006005FC /* Oscar°.entitlements */,
				3EB89018251A55740028FED0 /* Assets.xcassets */,
				6EFBD1862B56FB2100D6E38E /* Info.plist */,
				3EB8901A251A55740028FED0 /* Preview Content */,
			);
			path = "Oscar°";
			sourceTree = "<group>";
		};
		3EB8901A251A55740028FED0 /* Preview Content */ = {
			isa = PBXGroup;
			children = (
				3EB8901B251A55740028FED0 /* Preview Assets.xcassets */,
			);
			path = "Preview Content";
			sourceTree = "<group>";
		};
		3EB89029251A55950028FED0 /* Frameworks */ = {
			isa = PBXGroup;
			children = (
				3EB8902A251A55950028FED0 /* WidgetKit.framework */,
				3EB8902C251A55950028FED0 /* SwiftUI.framework */,
			);
			name = Frameworks;
			sourceTree = "<group>";
		};
		3EB8902E251A55950028FED0 /* Oscar°Widget */ = {
			isa = PBXGroup;
			children = (
				259623CE2A2BD6A000BA75F6 /* Home */,
				2546516B29E4941700D8C13D /* Models */,
				2546516829E4933800D8C13D /* Lockscreen */,
				2546516529E492D200D8C13D /* Radar */,
				3ED4AEAF254551DD0057DF2F /* OscarWidgetsBundle.swift */,
				2575A1D42B5351B3006005FC /* Oscar°WidgetExtension.entitlements */,
				3EB89031251A55980028FED0 /* Assets.xcassets */,
				6EFBD1822B56FB1700D6E38E /* Info.plist */,
				6E1153402B59C98B004D3273 /* Localizable.xcstrings */,
				6E1153422B59C9A4004D3273 /* InfoPlist.xcstrings */,
			);
			path = "Oscar°Widget";
			sourceTree = "<group>";
		};
/* End PBXGroup section */

/* Begin PBXNativeTarget section */
		25429BCF29E5F94100D5979F /* Oscar°Watch Watch App */ = {
			isa = PBXNativeTarget;
			buildConfigurationList = 25429BE129E5F94300D5979F /* Build configuration list for PBXNativeTarget "Oscar°Watch Watch App" */;
			buildPhases = (
				25429BCC29E5F94100D5979F /* Sources */,
				25429BCD29E5F94100D5979F /* Frameworks */,
				25429BCE29E5F94100D5979F /* Resources */,
				25429BF829E5F9B300D5979F /* Embed Foundation Extensions */,
			);
			buildRules = (
			);
			dependencies = (
				25429BF329E5F9B300D5979F /* PBXTargetDependency */,
			);
			name = "Oscar°Watch Watch App";
			productName = "Oscar°Watch Watch App";
			productReference = 25429BD029E5F94100D5979F /* Oscar°Watch Watch App.app */;
			productType = "com.apple.product-type.application";
		};
		25429BE529E5F9B000D5979F /* Oscar°WatchWidgetExtension */ = {
			isa = PBXNativeTarget;
			buildConfigurationList = 25429BF529E5F9B300D5979F /* Build configuration list for PBXNativeTarget "Oscar°WatchWidgetExtension" */;
			buildPhases = (
				25429BE229E5F9B000D5979F /* Sources */,
				25429BE329E5F9B000D5979F /* Frameworks */,
				25429BE429E5F9B000D5979F /* Resources */,
			);
			buildRules = (
			);
			dependencies = (
			);
			name = "Oscar°WatchWidgetExtension";
			packageProductDependencies = (
				25429BF929E5FA5300D5979F /* Alamofire */,
			);
			productName = "Oscar°WatchWidgetExtension";
			productReference = 25429BE629E5F9B000D5979F /* Oscar°WatchWidgetExtension.appex */;
			productType = "com.apple.product-type.app-extension";
		};
		3EB89010251A55700028FED0 /* Oscar° */ = {
			isa = PBXNativeTarget;
			buildConfigurationList = 3EB89020251A55740028FED0 /* Build configuration list for PBXNativeTarget "Oscar°" */;
			buildPhases = (
				3EB8900D251A55700028FED0 /* Sources */,
				3EB8900E251A55700028FED0 /* Frameworks */,
				3EB8900F251A55700028FED0 /* Resources */,
				3EB8903A251A55980028FED0 /* Embed Foundation Extensions */,
				25429BDE29E5F94300D5979F /* Embed Watch Content */,
			);
			buildRules = (
			);
			dependencies = (
				25CBB6352B44648400223B69 /* PBXTargetDependency */,
				3EB89035251A55980028FED0 /* PBXTargetDependency */,
				25429BDC29E5F94300D5979F /* PBXTargetDependency */,
			);
			name = "Oscar°";
			packageProductDependencies = (
				25288A0026D130E300A612AF /* SPIndicator */,
				259704DE2757CB0D00DFCA53 /* Alamofire */,
				258B223129A81E7500E4ECCE /* Charts */,
				25C4300E2AC36165001DA5FC /* OpenAPIRuntime */,
				25C430112AC36173001DA5FC /* OpenAPIURLSession */,
			);
			productName = Weather;
			productReference = 3EB89011251A55700028FED0 /* Oscar°.app */;
			productType = "com.apple.product-type.application";
		};
		3EB89027251A55950028FED0 /* Oscar°WidgetExtension */ = {
			isa = PBXNativeTarget;
			buildConfigurationList = 3EB89037251A55980028FED0 /* Build configuration list for PBXNativeTarget "Oscar°WidgetExtension" */;
			buildPhases = (
				3EB89024251A55950028FED0 /* Sources */,
				3EB89025251A55950028FED0 /* Frameworks */,
				3EB89026251A55950028FED0 /* Resources */,
			);
			buildRules = (
			);
			dependencies = (
				253F708A2B53167D0075D093 /* PBXTargetDependency */,
			);
			name = "Oscar°WidgetExtension";
			packageProductDependencies = (
				2590816A28EADDB500886A0E /* Alamofire */,
				253F708B2B5316A90075D093 /* OpenAPIRuntime */,
				253F708D2B5316A90075D093 /* OpenAPIURLSession */,
			);
			productName = WeatherWidgetExtension;
			productReference = 3EB89028251A55950028FED0 /* Oscar°WidgetExtension.appex */;
			productType = "com.apple.product-type.app-extension";
		};
/* End PBXNativeTarget section */

/* Begin PBXProject section */
		3EB89009251A55700028FED0 /* Project object */ = {
			isa = PBXProject;
			attributes = {
				BuildIndependentTargetsInParallel = YES;
				LastSwiftUpdateCheck = 1430;
				LastUpgradeCheck = 1520;
				TargetAttributes = {
					25429BCF29E5F94100D5979F = {
						CreatedOnToolsVersion = 14.3;
					};
					25429BE529E5F9B000D5979F = {
						CreatedOnToolsVersion = 14.3;
					};
					3EB89010251A55700028FED0 = {
						CreatedOnToolsVersion = 12.0;
					};
					3EB89027251A55950028FED0 = {
						CreatedOnToolsVersion = 12.0;
					};
				};
			};
			buildConfigurationList = 3EB8900C251A55700028FED0 /* Build configuration list for PBXProject "Oscar°" */;
			compatibilityVersion = "Xcode 9.3";
			developmentRegion = de;
			hasScannedForEncodings = 0;
			knownRegions = (
				de,
				en,
				tr,
			);
			mainGroup = 3EB89008251A55700028FED0;
			packageReferences = (
				252889FF26D130E300A612AF /* XCRemoteSwiftPackageReference "SPIndicator" */,
				259704DD2757CB0D00DFCA53 /* XCRemoteSwiftPackageReference "Alamofire" */,
				258B223029A81E7500E4ECCE /* XCRemoteSwiftPackageReference "swiftui-charts" */,
				25C430062AC3608E001DA5FC /* XCRemoteSwiftPackageReference "swift-openapi-generator" */,
				25C4300D2AC36165001DA5FC /* XCRemoteSwiftPackageReference "swift-openapi-runtime" */,
				25C430102AC36173001DA5FC /* XCRemoteSwiftPackageReference "swift-openapi-urlsession" */,
			);
			productRefGroup = 3EB89012251A55700028FED0 /* Products */;
			projectDirPath = "";
			projectRoot = "";
			targets = (
				3EB89010251A55700028FED0 /* Oscar° */,
				3EB89027251A55950028FED0 /* Oscar°WidgetExtension */,
				25429BCF29E5F94100D5979F /* Oscar°Watch Watch App */,
				25429BE529E5F9B000D5979F /* Oscar°WatchWidgetExtension */,
			);
		};
/* End PBXProject section */

/* Begin PBXResourcesBuildPhase section */
		25429BCE29E5F94100D5979F /* Resources */ = {
			isa = PBXResourcesBuildPhase;
			buildActionMask = 2147483647;
			files = (
				25429BDA29E5F94300D5979F /* Preview Assets.xcassets in Resources */,
				25429BD729E5F94300D5979F /* Assets.xcassets in Resources */,
				6E00C52A2B59E44A00C1A805 /* Localizable.xcstrings in Resources */,
			);
			runOnlyForDeploymentPostprocessing = 0;
		};
		25429BE429E5F9B000D5979F /* Resources */ = {
			isa = PBXResourcesBuildPhase;
			buildActionMask = 2147483647;
			files = (
				6E5CBE2E2B5F12400045DCE4 /* InfoPlist.xcstrings in Resources */,
				6E00C5282B59E36D00C1A805 /* Localizable.xcstrings in Resources */,
				25429BEE29E5F9B300D5979F /* Assets.xcassets in Resources */,
			);
			runOnlyForDeploymentPostprocessing = 0;
		};
		3EB8900F251A55700028FED0 /* Resources */ = {
			isa = PBXResourcesBuildPhase;
			buildActionMask = 2147483647;
			files = (
				6EE66C492B59DF3700885CB7 /* InfoPlist.xcstrings in Resources */,
				25C42FFD2AC35EE2001DA5FC /* openapi.yml in Resources */,
				25C42FFE2AC35EE2001DA5FC /* openapi-generator-config.yml in Resources */,
				6E11533D2B59C965004D3273 /* Localizable.xcstrings in Resources */,
				3EB8901C251A55740028FED0 /* Preview Assets.xcassets in Resources */,
				3EB89019251A55740028FED0 /* Assets.xcassets in Resources */,
			);
			runOnlyForDeploymentPostprocessing = 0;
		};
		3EB89026251A55950028FED0 /* Resources */ = {
			isa = PBXResourcesBuildPhase;
			buildActionMask = 2147483647;
			files = (
				253F708F2B5316BC0075D093 /* openapi.yml in Resources */,
				6E1153432B59C9A4004D3273 /* InfoPlist.xcstrings in Resources */,
				6E1153412B59C98B004D3273 /* Localizable.xcstrings in Resources */,
				253F70902B5316BC0075D093 /* openapi-generator-config.yml in Resources */,
				3EB89032251A55980028FED0 /* Assets.xcassets in Resources */,
			);
			runOnlyForDeploymentPostprocessing = 0;
		};
/* End PBXResourcesBuildPhase section */

/* Begin PBXSourcesBuildPhase section */
		25429BCC29E5F94100D5979F /* Sources */ = {
			isa = PBXSourcesBuildPhase;
			buildActionMask = 2147483647;
			files = (
				25CB17EC2B4704E1001D973A /* LocationManager.swift in Sources */,
				25429BF129E5F9B300D5979F /* Oscar_WatchWidget.intentdefinition in Sources */,
				25429BD529E5F94100D5979F /* ContentView.swift in Sources */,
				25429BD329E5F94100D5979F /* Oscar_WatchApp.swift in Sources */,
			);
			runOnlyForDeploymentPostprocessing = 0;
		};
		25429BE229E5F9B000D5979F /* Sources */ = {
			isa = PBXSourcesBuildPhase;
			buildActionMask = 2147483647;
			files = (
				25429C0229E5FAF600D5979F /* OMDayTemperature.swift in Sources */,
				25429BFC29E5FAE600D5979F /* OscarWidgetsBundle.swift in Sources */,
				25429BEB29E5F9B000D5979F /* Oscar_WatchWidget.swift in Sources */,
				25429BF029E5F9B300D5979F /* Oscar_WatchWidget.intentdefinition in Sources */,
				25429BFB29E5FAC600D5979F /* LockscreenProvider.swift in Sources */,
				25429C0129E5FAF200D5979F /* TemperatureLockscreenWidget.swift in Sources */,
				25429C0029E5FAEF00D5979F /* PrecipitationLockscreenWidget.swift in Sources */,
				25CB17ED2B4704E2001D973A /* LocationManager.swift in Sources */,
			);
			runOnlyForDeploymentPostprocessing = 0;
		};
		3EB8900D251A55700028FED0 /* Sources */ = {
			isa = PBXSourcesBuildPhase;
			buildActionMask = 2147483647;
			files = (
				251FE39127C5674400D26F0F /* WMSTileOverlay.swift in Sources */,
				255950952B45B16000122324 /* SearchCityView.swift in Sources */,
				253F708B29510B06000BD4C0 /* AQIView.swift in Sources */,
				25CB17E32B470335001D973A /* APIClient.swift in Sources */,
				2536438126DACCB800C8A952 /* LegalView.swift in Sources */,
				255ED6E327A6D67800AE9696 /* BrightskyResponse.swift in Sources */,
				25BF3F9A289FECDF008E7566 /* OpenMeteoResponse.swift in Sources */,
				250163DA2B093C0B00EEF882 /* CityService.swift in Sources */,
				253BA18C2B0941670070BD5E /* LocationService.swift in Sources */,
				258EE2ED2B5EF4E900AE942B /* RetryClientMiddleware.swift in Sources */,
				25ED79BE29F1A7DF002E0AAB /* Array-GradientStop.swift in Sources */,
				2533940A27C43F810087C220 /* AlertView.swift in Sources */,
				25ED79B429F1A7DF002E0AAB /* Cloud.swift in Sources */,
				3E61170C2544B2D300B68120 /* DailyView.swift in Sources */,
				25D72B2727C67016001F43FC /* SettingService.swift in Sources */,
				25ED79BD29F1A7DF002E0AAB /* SunView.swift in Sources */,
				25ED79B029F1A7DF002E0AAB /* StormView.swift in Sources */,
				25CB17E82B47043A001D973A /* GlobalViewExtensions.swift in Sources */,
				25ED79BB29F1A7DF002E0AAB /* Star.swift in Sources */,
				25ED79BF29F1A7DF002E0AAB /* Storm.swift in Sources */,
				2596CBBF258BE65300B1C200 /* NowViewModel.swift in Sources */,
				25CB17EA2B470461001D973A /* APIResultExtensions.swift in Sources */,
				2533940827C434900087C220 /* DWDAlerts.swift in Sources */,
				3E22B523251D151300D86A58 /* WeatherApp.swift in Sources */,
				3EB89017251A55700028FED0 /* NowView.swift in Sources */,
				25CB17DB2B46EA6F001D973A /* RadarImageView.swift in Sources */,
				25ED79B529F1A7DF002E0AAB /* Color-Custom.swift in Sources */,
				25CB17DE2B46EB61001D973A /* LegalTextView.swift in Sources */,
				25DA7A1A27A420970062E02B /* MapDetailView.swift in Sources */,
				25D003C626CD490200FFF8B8 /* LocationManager.swift in Sources */,
				25BEDCE426CACF7D00D90D6B /* DataModels.xcdatamodeld in Sources */,
				25CBB63C2B44A13600223B69 /* WeatherSimulationView.swift in Sources */,
				25ED79AB29F1A7DF002E0AAB /* Meteor.swift in Sources */,
				3E6117082544B27600B68120 /* HourlyView.swift in Sources */,
				25ED79B129F1A7DF002E0AAB /* MeteorShower.swift in Sources */,
				25ED79B829F1A7DF002E0AAB /* CloudsView.swift in Sources */,
				259704E12757D19C00DFCA53 /* AlertResponse.swift in Sources */,
				25BEDCE626CACFC900D90D6B /* PersistenceController.swift in Sources */,
				259704E52757D7E800DFCA53 /* AlertDetailView.swift in Sources */,
				25CB17E52B4703CD001D973A /* WeatherObservable.swift in Sources */,
				25ED4A4727A2F5C60050C4A9 /* HeadView.swift in Sources */,
				25D90A5326C40DB800128F7A /* WeatherMapsResponse.swift in Sources */,
				25ED79B329F1A7DF002E0AAB /* CloudGroup.swift in Sources */,
				2523367D27C3E9D500C2111A /* RainModel.swift in Sources */,
				25ED79BC29F1A7DF002E0AAB /* StormDrop.swift in Sources */,
				2523367F27C3EB3900C2111A /* RainView.swift in Sources */,
				25A0CEDD26C4068300DD4A79 /* RadarView.swift in Sources */,
				25ED79B229F1A7DF002E0AAB /* StarField.swift in Sources */,
				25ED799529F1A7C6002E0AAB /* Color-Interpolation.swift in Sources */,
				253F708D2951118D000BD4C0 /* AQIResponse.swift in Sources */,
				25ED79AF29F1A7DF002E0AAB /* StarsView.swift in Sources */,
				259EDA6C29ABC19F00F94996 /* RainRadarView.swift in Sources */,
			);
			runOnlyForDeploymentPostprocessing = 0;
		};
		3EB89024251A55950028FED0 /* Sources */ = {
			isa = PBXSourcesBuildPhase;
			buildActionMask = 2147483647;
			files = (
				25761D5129F1D083006976BE /* StormDrop.swift in Sources */,
				253F70972B5319EC0075D093 /* PersistenceController.swift in Sources */,
				2546516D29E494DB00D8C13D /* OMDayTemperature.swift in Sources */,
				25E0170528EAE8460037ED8C /* OpenMeteoResponse.swift in Sources */,
				253F70872B5314B70075D093 /* APIClient.swift in Sources */,
				25761D4F29F1CC85006976BE /* Cloud.swift in Sources */,
				25761D5029F1CF14006976BE /* Storm.swift in Sources */,
				253F70962B5319DD0075D093 /* CityService.swift in Sources */,
				259623D02A2BD6BF00BA75F6 /* HomeProvider.swift in Sources */,
				258EE2F62B5EF58100AE942B /* RetryClientMiddleware.swift in Sources */,
				253F70932B5319D20075D093 /* LocationService.swift in Sources */,
				2576B2032B586E6C004E288A /* GlobalViewExtensions.swift in Sources */,
				2546516429E4905E00D8C13D /* TemperatureLockscreenWidget.swift in Sources */,
				253BA17F2B093CE30070BD5E /* DataModels.xcdatamodeld in Sources */,
				259623D52A2BD97300BA75F6 /* Array-GradientStop.swift in Sources */,
				259623D42A2BD96600BA75F6 /* Color-Interpolation.swift in Sources */,
				253F70892950FA0F000BD4C0 /* RadarWidget.swift in Sources */,
				259623D32A2BD79200BA75F6 /* NowTodayWidget.swift in Sources */,
				2535259E26DB7FDF000AA927 /* WeatherMapsResponse.swift in Sources */,
				2546516729E492E500D8C13D /* RadarProvider.swift in Sources */,
				259623D62A2BD97C00BA75F6 /* Color-Custom.swift in Sources */,
				3ED4AEB0254551DE0057DF2F /* OscarWidgetsBundle.swift in Sources */,
				2505C94D29E5F0D200BDB0A8 /* PrecipitationLockscreenWidget.swift in Sources */,
				253F709C2B5333BE0075D093 /* APIResultExtensions.swift in Sources */,
				25CB17EB2B4704E1001D973A /* LocationManager.swift in Sources */,
				2546516A29E4935600D8C13D /* LockscreenProvider.swift in Sources */,
			);
			runOnlyForDeploymentPostprocessing = 0;
		};
/* End PBXSourcesBuildPhase section */

/* Begin PBXTargetDependency section */
		253F708A2B53167D0075D093 /* PBXTargetDependency */ = {
			isa = PBXTargetDependency;
			productRef = 253F70892B53167D0075D093 /* OpenAPIGenerator */;
		};
		25429BDC29E5F94300D5979F /* PBXTargetDependency */ = {
			isa = PBXTargetDependency;
			target = 25429BCF29E5F94100D5979F /* Oscar°Watch Watch App */;
			targetProxy = 25429BDB29E5F94300D5979F /* PBXContainerItemProxy */;
		};
		25429BF329E5F9B300D5979F /* PBXTargetDependency */ = {
			isa = PBXTargetDependency;
			target = 25429BE529E5F9B000D5979F /* Oscar°WatchWidgetExtension */;
			targetProxy = 25429BF229E5F9B300D5979F /* PBXContainerItemProxy */;
		};
		25CBB6352B44648400223B69 /* PBXTargetDependency */ = {
			isa = PBXTargetDependency;
			productRef = 25CBB6342B44648400223B69 /* OpenAPIGenerator */;
		};
		3EB89035251A55980028FED0 /* PBXTargetDependency */ = {
			isa = PBXTargetDependency;
			target = 3EB89027251A55950028FED0 /* Oscar°WidgetExtension */;
			targetProxy = 3EB89034251A55980028FED0 /* PBXContainerItemProxy */;
		};
/* End PBXTargetDependency section */

/* Begin XCBuildConfiguration section */
		25429BDF29E5F94300D5979F /* Debug */ = {
			isa = XCBuildConfiguration;
			buildSettings = {
				ALWAYS_EMBED_SWIFT_STANDARD_LIBRARIES = YES;
				ASSETCATALOG_COMPILER_APPICON_NAME = AppIcon;
				ASSETCATALOG_COMPILER_GLOBAL_ACCENT_COLOR_NAME = AccentColor;
				CLANG_CXX_LANGUAGE_STANDARD = "gnu++20";
				CODE_SIGN_STYLE = Automatic;
				CURRENT_PROJECT_VERSION = 1;
				DEVELOPMENT_ASSET_PATHS = "\"Oscar°Watch Watch App/Preview Content\"";
				DEVELOPMENT_TEAM = N6J2M765XY;
				ENABLE_PREVIEWS = YES;
				GENERATE_INFOPLIST_FILE = YES;
				INFOPLIST_KEY_CFBundleDisplayName = "Oscar°Watch";
				INFOPLIST_KEY_UISupportedInterfaceOrientations = "UIInterfaceOrientationPortrait UIInterfaceOrientationPortraitUpsideDown";
				INFOPLIST_KEY_WKCompanionAppBundleIdentifier = cloud.bolte.Oscar;
				LD_RUNPATH_SEARCH_PATHS = (
					"$(inherited)",
					"@executable_path/Frameworks",
				);
				MARKETING_VERSION = 0.3;
				PRODUCT_BUNDLE_IDENTIFIER = cloud.bolte.Oscar.watchkitapp;
				PRODUCT_NAME = "$(TARGET_NAME)";
				SDKROOT = watchos;
				SKIP_INSTALL = YES;
				SWIFT_EMIT_LOC_STRINGS = YES;
				SWIFT_VERSION = 5.0;
				TARGETED_DEVICE_FAMILY = 4;
				WATCHOS_DEPLOYMENT_TARGET = 9.4;
			};
			name = Debug;
		};
		25429BE029E5F94300D5979F /* Release */ = {
			isa = XCBuildConfiguration;
			buildSettings = {
				ALWAYS_EMBED_SWIFT_STANDARD_LIBRARIES = YES;
				ASSETCATALOG_COMPILER_APPICON_NAME = AppIcon;
				ASSETCATALOG_COMPILER_GLOBAL_ACCENT_COLOR_NAME = AccentColor;
				CLANG_CXX_LANGUAGE_STANDARD = "gnu++20";
				CODE_SIGN_STYLE = Automatic;
				CURRENT_PROJECT_VERSION = 1;
				DEVELOPMENT_ASSET_PATHS = "\"Oscar°Watch Watch App/Preview Content\"";
				DEVELOPMENT_TEAM = N6J2M765XY;
				ENABLE_PREVIEWS = YES;
				GENERATE_INFOPLIST_FILE = YES;
				INFOPLIST_KEY_CFBundleDisplayName = "Oscar°Watch";
				INFOPLIST_KEY_UISupportedInterfaceOrientations = "UIInterfaceOrientationPortrait UIInterfaceOrientationPortraitUpsideDown";
				INFOPLIST_KEY_WKCompanionAppBundleIdentifier = cloud.bolte.Oscar;
				LD_RUNPATH_SEARCH_PATHS = (
					"$(inherited)",
					"@executable_path/Frameworks",
				);
				MARKETING_VERSION = 0.3;
				PRODUCT_BUNDLE_IDENTIFIER = cloud.bolte.Oscar.watchkitapp;
				PRODUCT_NAME = "$(TARGET_NAME)";
				SDKROOT = watchos;
				SKIP_INSTALL = YES;
				SWIFT_EMIT_LOC_STRINGS = YES;
				SWIFT_VERSION = 5.0;
				TARGETED_DEVICE_FAMILY = 4;
				WATCHOS_DEPLOYMENT_TARGET = 9.4;
			};
			name = Release;
		};
		25429BF629E5F9B300D5979F /* Debug */ = {
			isa = XCBuildConfiguration;
			buildSettings = {
				ASSETCATALOG_COMPILER_GLOBAL_ACCENT_COLOR_NAME = AccentColor;
				ASSETCATALOG_COMPILER_WIDGET_BACKGROUND_COLOR_NAME = WidgetBackground;
				CLANG_CXX_LANGUAGE_STANDARD = "gnu++20";
				CODE_SIGN_STYLE = Automatic;
				CURRENT_PROJECT_VERSION = 1;
				DEVELOPMENT_TEAM = N6J2M765XY;
				GENERATE_INFOPLIST_FILE = YES;
				INFOPLIST_FILE = "Oscar°WatchWidget/Info.plist";
				INFOPLIST_KEY_CFBundleDisplayName = "Oscar°WatchWidget";
				INFOPLIST_KEY_NSHumanReadableCopyright = "";
				LD_RUNPATH_SEARCH_PATHS = (
					"$(inherited)",
					"@executable_path/Frameworks",
					"@executable_path/../../Frameworks",
					"@executable_path/../../../../Frameworks",
				);
				MARKETING_VERSION = 0.3;
				PRODUCT_BUNDLE_IDENTIFIER = "cloud.bolte.Oscar.watchkitapp.Oscar-WatchWidget";
				PRODUCT_NAME = "$(TARGET_NAME)";
				SDKROOT = watchos;
				SKIP_INSTALL = YES;
				SWIFT_EMIT_LOC_STRINGS = YES;
				SWIFT_VERSION = 5.0;
				TARGETED_DEVICE_FAMILY = 4;
				WATCHOS_DEPLOYMENT_TARGET = 9.4;
			};
			name = Debug;
		};
		25429BF729E5F9B300D5979F /* Release */ = {
			isa = XCBuildConfiguration;
			buildSettings = {
				ASSETCATALOG_COMPILER_GLOBAL_ACCENT_COLOR_NAME = AccentColor;
				ASSETCATALOG_COMPILER_WIDGET_BACKGROUND_COLOR_NAME = WidgetBackground;
				CLANG_CXX_LANGUAGE_STANDARD = "gnu++20";
				CODE_SIGN_STYLE = Automatic;
				CURRENT_PROJECT_VERSION = 1;
				DEVELOPMENT_TEAM = N6J2M765XY;
				GENERATE_INFOPLIST_FILE = YES;
				INFOPLIST_FILE = "Oscar°WatchWidget/Info.plist";
				INFOPLIST_KEY_CFBundleDisplayName = "Oscar°WatchWidget";
				INFOPLIST_KEY_NSHumanReadableCopyright = "";
				LD_RUNPATH_SEARCH_PATHS = (
					"$(inherited)",
					"@executable_path/Frameworks",
					"@executable_path/../../Frameworks",
					"@executable_path/../../../../Frameworks",
				);
				MARKETING_VERSION = 0.3;
				PRODUCT_BUNDLE_IDENTIFIER = "cloud.bolte.Oscar.watchkitapp.Oscar-WatchWidget";
				PRODUCT_NAME = "$(TARGET_NAME)";
				SDKROOT = watchos;
				SKIP_INSTALL = YES;
				SWIFT_EMIT_LOC_STRINGS = YES;
				SWIFT_VERSION = 5.0;
				TARGETED_DEVICE_FAMILY = 4;
				WATCHOS_DEPLOYMENT_TARGET = 9.4;
			};
			name = Release;
		};
		3EB8901E251A55740028FED0 /* Debug */ = {
			isa = XCBuildConfiguration;
			buildSettings = {
				ALWAYS_SEARCH_USER_PATHS = NO;
				ASSETCATALOG_COMPILER_GENERATE_SWIFT_ASSET_SYMBOL_EXTENSIONS = YES;
				CLANG_ANALYZER_LOCALIZABILITY_NONLOCALIZED = YES;
				CLANG_ANALYZER_NONNULL = YES;
				CLANG_ANALYZER_NUMBER_OBJECT_CONVERSION = YES_AGGRESSIVE;
				CLANG_CXX_LANGUAGE_STANDARD = "gnu++14";
				CLANG_CXX_LIBRARY = "libc++";
				CLANG_ENABLE_MODULES = YES;
				CLANG_ENABLE_OBJC_ARC = YES;
				CLANG_ENABLE_OBJC_WEAK = YES;
				CLANG_WARN_BLOCK_CAPTURE_AUTORELEASING = YES;
				CLANG_WARN_BOOL_CONVERSION = YES;
				CLANG_WARN_COMMA = YES;
				CLANG_WARN_CONSTANT_CONVERSION = YES;
				CLANG_WARN_DEPRECATED_OBJC_IMPLEMENTATIONS = YES;
				CLANG_WARN_DIRECT_OBJC_ISA_USAGE = YES_ERROR;
				CLANG_WARN_DOCUMENTATION_COMMENTS = YES;
				CLANG_WARN_EMPTY_BODY = YES;
				CLANG_WARN_ENUM_CONVERSION = YES;
				CLANG_WARN_INFINITE_RECURSION = YES;
				CLANG_WARN_INT_CONVERSION = YES;
				CLANG_WARN_NON_LITERAL_NULL_CONVERSION = YES;
				CLANG_WARN_OBJC_IMPLICIT_RETAIN_SELF = YES;
				CLANG_WARN_OBJC_LITERAL_CONVERSION = YES;
				CLANG_WARN_OBJC_ROOT_CLASS = YES_ERROR;
				CLANG_WARN_QUOTED_INCLUDE_IN_FRAMEWORK_HEADER = YES;
				CLANG_WARN_RANGE_LOOP_ANALYSIS = YES;
				CLANG_WARN_STRICT_PROTOTYPES = YES;
				CLANG_WARN_SUSPICIOUS_MOVE = YES;
				CLANG_WARN_UNGUARDED_AVAILABILITY = YES_AGGRESSIVE;
				CLANG_WARN_UNREACHABLE_CODE = YES;
				CLANG_WARN__DUPLICATE_METHOD_MATCH = YES;
				COPY_PHASE_STRIP = NO;
				DEBUG_INFORMATION_FORMAT = dwarf;
				ENABLE_STRICT_OBJC_MSGSEND = YES;
				ENABLE_TESTABILITY = YES;
				ENABLE_USER_SCRIPT_SANDBOXING = YES;
				GCC_C_LANGUAGE_STANDARD = gnu11;
				GCC_DYNAMIC_NO_PIC = NO;
				GCC_NO_COMMON_BLOCKS = YES;
				GCC_OPTIMIZATION_LEVEL = 0;
				GCC_PREPROCESSOR_DEFINITIONS = (
					"DEBUG=1",
					"$(inherited)",
				);
				GCC_WARN_64_TO_32_BIT_CONVERSION = YES;
				GCC_WARN_ABOUT_RETURN_TYPE = YES_ERROR;
				GCC_WARN_UNDECLARED_SELECTOR = YES;
				GCC_WARN_UNINITIALIZED_AUTOS = YES_AGGRESSIVE;
				GCC_WARN_UNUSED_FUNCTION = YES;
				GCC_WARN_UNUSED_VARIABLE = YES;
				IPHONEOS_DEPLOYMENT_TARGET = 17.0;
				MTL_ENABLE_DEBUG_INFO = INCLUDE_SOURCE;
				MTL_FAST_MATH = YES;
				ONLY_ACTIVE_ARCH = YES;
				SDKROOT = iphoneos;
				SWIFT_ACTIVE_COMPILATION_CONDITIONS = DEBUG;
				SWIFT_OPTIMIZATION_LEVEL = "-Onone";
			};
			name = Debug;
		};
		3EB8901F251A55740028FED0 /* Release */ = {
			isa = XCBuildConfiguration;
			buildSettings = {
				ALWAYS_SEARCH_USER_PATHS = NO;
				ASSETCATALOG_COMPILER_GENERATE_SWIFT_ASSET_SYMBOL_EXTENSIONS = YES;
				CLANG_ANALYZER_LOCALIZABILITY_NONLOCALIZED = YES;
				CLANG_ANALYZER_NONNULL = YES;
				CLANG_ANALYZER_NUMBER_OBJECT_CONVERSION = YES_AGGRESSIVE;
				CLANG_CXX_LANGUAGE_STANDARD = "gnu++14";
				CLANG_CXX_LIBRARY = "libc++";
				CLANG_ENABLE_MODULES = YES;
				CLANG_ENABLE_OBJC_ARC = YES;
				CLANG_ENABLE_OBJC_WEAK = YES;
				CLANG_WARN_BLOCK_CAPTURE_AUTORELEASING = YES;
				CLANG_WARN_BOOL_CONVERSION = YES;
				CLANG_WARN_COMMA = YES;
				CLANG_WARN_CONSTANT_CONVERSION = YES;
				CLANG_WARN_DEPRECATED_OBJC_IMPLEMENTATIONS = YES;
				CLANG_WARN_DIRECT_OBJC_ISA_USAGE = YES_ERROR;
				CLANG_WARN_DOCUMENTATION_COMMENTS = YES;
				CLANG_WARN_EMPTY_BODY = YES;
				CLANG_WARN_ENUM_CONVERSION = YES;
				CLANG_WARN_INFINITE_RECURSION = YES;
				CLANG_WARN_INT_CONVERSION = YES;
				CLANG_WARN_NON_LITERAL_NULL_CONVERSION = YES;
				CLANG_WARN_OBJC_IMPLICIT_RETAIN_SELF = YES;
				CLANG_WARN_OBJC_LITERAL_CONVERSION = YES;
				CLANG_WARN_OBJC_ROOT_CLASS = YES_ERROR;
				CLANG_WARN_QUOTED_INCLUDE_IN_FRAMEWORK_HEADER = YES;
				CLANG_WARN_RANGE_LOOP_ANALYSIS = YES;
				CLANG_WARN_STRICT_PROTOTYPES = YES;
				CLANG_WARN_SUSPICIOUS_MOVE = YES;
				CLANG_WARN_UNGUARDED_AVAILABILITY = YES_AGGRESSIVE;
				CLANG_WARN_UNREACHABLE_CODE = YES;
				CLANG_WARN__DUPLICATE_METHOD_MATCH = YES;
				COPY_PHASE_STRIP = NO;
				DEBUG_INFORMATION_FORMAT = "dwarf-with-dsym";
				"DEVELOPMENT_TEAM[sdk=*]" = "";
				ENABLE_NS_ASSERTIONS = NO;
				ENABLE_STRICT_OBJC_MSGSEND = YES;
				ENABLE_USER_SCRIPT_SANDBOXING = YES;
				GCC_C_LANGUAGE_STANDARD = gnu11;
				GCC_NO_COMMON_BLOCKS = YES;
				GCC_WARN_64_TO_32_BIT_CONVERSION = YES;
				GCC_WARN_ABOUT_RETURN_TYPE = YES_ERROR;
				GCC_WARN_UNDECLARED_SELECTOR = YES;
				GCC_WARN_UNINITIALIZED_AUTOS = YES_AGGRESSIVE;
				GCC_WARN_UNUSED_FUNCTION = YES;
				GCC_WARN_UNUSED_VARIABLE = YES;
				IPHONEOS_DEPLOYMENT_TARGET = 17.0;
				MTL_ENABLE_DEBUG_INFO = NO;
				MTL_FAST_MATH = YES;
				SDKROOT = iphoneos;
				SWIFT_COMPILATION_MODE = wholemodule;
				SWIFT_OPTIMIZATION_LEVEL = "-O";
				VALIDATE_PRODUCT = YES;
			};
			name = Release;
		};
		3EB89021251A55740028FED0 /* Debug */ = {
			isa = XCBuildConfiguration;
			buildSettings = {
				ALWAYS_EMBED_SWIFT_STANDARD_LIBRARIES = YES;
				ASSETCATALOG_COMPILER_APPICON_NAME = AppIcon;
				ASSETCATALOG_COMPILER_GLOBAL_ACCENT_COLOR_NAME = AccentColor;
				CODE_SIGN_ENTITLEMENTS = "Oscar°/Oscar°.entitlements";
				CODE_SIGN_IDENTITY = "Apple Development";
				CODE_SIGN_STYLE = Automatic;
				CURRENT_PROJECT_VERSION = 32;
				DEVELOPMENT_ASSET_PATHS = "\"Oscar°/Preview Content\"";
				DEVELOPMENT_TEAM = N6J2M765XY;
				ENABLE_PREVIEWS = YES;
				INFOPLIST_FILE = "Oscar°/Info.plist";
				INFOPLIST_KEY_CFBundleDisplayName = "Oscar°";
				INFOPLIST_KEY_LSApplicationCategoryType = "public.app-category.weather";
				IPHONEOS_DEPLOYMENT_TARGET = 17.0;
				LD_RUNPATH_SEARCH_PATHS = (
					"$(inherited)",
					"@executable_path/Frameworks",
				);
				MARKETING_VERSION = 0.3;
				PRODUCT_BUNDLE_IDENTIFIER = cloud.bolte.Oscar;
				PRODUCT_NAME = "$(TARGET_NAME)";
				PROVISIONING_PROFILE_SPECIFIER = "";
				SWIFT_VERSION = 5.0;
				TARGETED_DEVICE_FAMILY = "1,2";
			};
			name = Debug;
		};
		3EB89022251A55740028FED0 /* Release */ = {
			isa = XCBuildConfiguration;
			buildSettings = {
				ALWAYS_EMBED_SWIFT_STANDARD_LIBRARIES = YES;
				ASSETCATALOG_COMPILER_APPICON_NAME = AppIcon;
				ASSETCATALOG_COMPILER_GLOBAL_ACCENT_COLOR_NAME = AccentColor;
				CODE_SIGN_ENTITLEMENTS = "Oscar°/Oscar°.entitlements";
				CODE_SIGN_IDENTITY = "Apple Development";
				CODE_SIGN_STYLE = Manual;
				CURRENT_PROJECT_VERSION = 32;
				DEVELOPMENT_ASSET_PATHS = "\"Oscar°/Preview Content\"";
				DEVELOPMENT_TEAM = "";
				ENABLE_PREVIEWS = YES;
				INFOPLIST_FILE = "Oscar°/Info.plist";
				INFOPLIST_KEY_CFBundleDisplayName = "Oscar°";
				INFOPLIST_KEY_LSApplicationCategoryType = "public.app-category.weather";
				IPHONEOS_DEPLOYMENT_TARGET = 17.0;
				LD_RUNPATH_SEARCH_PATHS = (
					"$(inherited)",
					"@executable_path/Frameworks",
				);
				MARKETING_VERSION = 0.3;
				PRODUCT_BUNDLE_IDENTIFIER = cloud.bolte.Oscar;
				PRODUCT_NAME = "$(TARGET_NAME)";
				PROVISIONING_PROFILE_SPECIFIER = "";
				SWIFT_VERSION = 5.0;
				TARGETED_DEVICE_FAMILY = "1,2";
			};
			name = Release;
		};
		3EB89038251A55980028FED0 /* Debug */ = {
			isa = XCBuildConfiguration;
			buildSettings = {
				ASSETCATALOG_COMPILER_GLOBAL_ACCENT_COLOR_NAME = AccentColor;
				ASSETCATALOG_COMPILER_WIDGET_BACKGROUND_COLOR_NAME = WidgetBackground;
				CODE_SIGN_ENTITLEMENTS = "Oscar°Widget/Oscar°WidgetExtension.entitlements";
				CODE_SIGN_STYLE = Automatic;
				CURRENT_PROJECT_VERSION = 32;
				DEVELOPMENT_ASSET_PATHS = "";
				DEVELOPMENT_TEAM = N6J2M765XY;
				INFOPLIST_FILE = "Oscar°Widget/Info.plist";
				IPHONEOS_DEPLOYMENT_TARGET = 17.0;
				LD_RUNPATH_SEARCH_PATHS = (
					"$(inherited)",
					"@executable_path/Frameworks",
					"@executable_path/../../Frameworks",
				);
				MARKETING_VERSION = 0.3;
				PRODUCT_BUNDLE_IDENTIFIER = cloud.bolte.Oscar.OscarWidget;
				PRODUCT_NAME = "$(TARGET_NAME)";
				SKIP_INSTALL = YES;
				SWIFT_VERSION = 5.0;
				TARGETED_DEVICE_FAMILY = "1,2";
			};
			name = Debug;
		};
		3EB89039251A55980028FED0 /* Release */ = {
			isa = XCBuildConfiguration;
			buildSettings = {
				ASSETCATALOG_COMPILER_GLOBAL_ACCENT_COLOR_NAME = AccentColor;
				ASSETCATALOG_COMPILER_WIDGET_BACKGROUND_COLOR_NAME = WidgetBackground;
				CODE_SIGN_ENTITLEMENTS = "Oscar°Widget/Oscar°WidgetExtension.entitlements";
				CODE_SIGN_STYLE = Automatic;
				CURRENT_PROJECT_VERSION = 32;
				DEVELOPMENT_ASSET_PATHS = "";
				DEVELOPMENT_TEAM = N6J2M765XY;
				INFOPLIST_FILE = "Oscar°Widget/Info.plist";
				IPHONEOS_DEPLOYMENT_TARGET = 17.0;
				LD_RUNPATH_SEARCH_PATHS = (
					"$(inherited)",
					"@executable_path/Frameworks",
					"@executable_path/../../Frameworks",
				);
				MARKETING_VERSION = 0.3;
				PRODUCT_BUNDLE_IDENTIFIER = cloud.bolte.Oscar.OscarWidget;
				PRODUCT_NAME = "$(TARGET_NAME)";
				SKIP_INSTALL = YES;
				SWIFT_VERSION = 5.0;
				TARGETED_DEVICE_FAMILY = "1,2";
			};
			name = Release;
		};
/* End XCBuildConfiguration section */

/* Begin XCConfigurationList section */
		25429BE129E5F94300D5979F /* Build configuration list for PBXNativeTarget "Oscar°Watch Watch App" */ = {
			isa = XCConfigurationList;
			buildConfigurations = (
				25429BDF29E5F94300D5979F /* Debug */,
				25429BE029E5F94300D5979F /* Release */,
			);
			defaultConfigurationIsVisible = 0;
			defaultConfigurationName = Release;
		};
		25429BF529E5F9B300D5979F /* Build configuration list for PBXNativeTarget "Oscar°WatchWidgetExtension" */ = {
			isa = XCConfigurationList;
			buildConfigurations = (
				25429BF629E5F9B300D5979F /* Debug */,
				25429BF729E5F9B300D5979F /* Release */,
			);
			defaultConfigurationIsVisible = 0;
			defaultConfigurationName = Release;
		};
		3EB8900C251A55700028FED0 /* Build configuration list for PBXProject "Oscar°" */ = {
			isa = XCConfigurationList;
			buildConfigurations = (
				3EB8901E251A55740028FED0 /* Debug */,
				3EB8901F251A55740028FED0 /* Release */,
			);
			defaultConfigurationIsVisible = 0;
			defaultConfigurationName = Release;
		};
		3EB89020251A55740028FED0 /* Build configuration list for PBXNativeTarget "Oscar°" */ = {
			isa = XCConfigurationList;
			buildConfigurations = (
				3EB89021251A55740028FED0 /* Debug */,
				3EB89022251A55740028FED0 /* Release */,
			);
			defaultConfigurationIsVisible = 0;
			defaultConfigurationName = Release;
		};
		3EB89037251A55980028FED0 /* Build configuration list for PBXNativeTarget "Oscar°WidgetExtension" */ = {
			isa = XCConfigurationList;
			buildConfigurations = (
				3EB89038251A55980028FED0 /* Debug */,
				3EB89039251A55980028FED0 /* Release */,
			);
			defaultConfigurationIsVisible = 0;
			defaultConfigurationName = Release;
		};
/* End XCConfigurationList section */

/* Begin XCRemoteSwiftPackageReference section */
		252889FF26D130E300A612AF /* XCRemoteSwiftPackageReference "SPIndicator" */ = {
			isa = XCRemoteSwiftPackageReference;
			repositoryURL = "https://github.com/ivanvorobei/SPIndicator";
			requirement = {
				kind = upToNextMajorVersion;
				minimumVersion = 1.0.0;
			};
		};
		258B223029A81E7500E4ECCE /* XCRemoteSwiftPackageReference "swiftui-charts" */ = {
			isa = XCRemoteSwiftPackageReference;
			repositoryURL = "https://github.com/spacenation/swiftui-charts";
			requirement = {
				branch = master;
				kind = branch;
			};
		};
		259704DD2757CB0D00DFCA53 /* XCRemoteSwiftPackageReference "Alamofire" */ = {
			isa = XCRemoteSwiftPackageReference;
			repositoryURL = "https://github.com/Alamofire/Alamofire";
			requirement = {
				kind = upToNextMajorVersion;
				minimumVersion = 5.0.0;
			};
		};
		25C430062AC3608E001DA5FC /* XCRemoteSwiftPackageReference "swift-openapi-generator" */ = {
			isa = XCRemoteSwiftPackageReference;
			repositoryURL = "https://github.com/apple/swift-openapi-generator";
			requirement = {
				kind = upToNextMinorVersion;
				minimumVersion = 1.1.0;
			};
		};
		25C4300D2AC36165001DA5FC /* XCRemoteSwiftPackageReference "swift-openapi-runtime" */ = {
			isa = XCRemoteSwiftPackageReference;
			repositoryURL = "https://github.com/apple/swift-openapi-runtime";
			requirement = {
				kind = upToNextMinorVersion;
				minimumVersion = 1.1.0;
			};
		};
		25C430102AC36173001DA5FC /* XCRemoteSwiftPackageReference "swift-openapi-urlsession" */ = {
			isa = XCRemoteSwiftPackageReference;
			repositoryURL = "https://github.com/apple/swift-openapi-urlsession.git";
			requirement = {
				kind = upToNextMinorVersion;
				minimumVersion = 1.0.0;
			};
		};
/* End XCRemoteSwiftPackageReference section */

/* Begin XCSwiftPackageProductDependency section */
		25288A0026D130E300A612AF /* SPIndicator */ = {
			isa = XCSwiftPackageProductDependency;
			package = 252889FF26D130E300A612AF /* XCRemoteSwiftPackageReference "SPIndicator" */;
			productName = SPIndicator;
		};
		253F70892B53167D0075D093 /* OpenAPIGenerator */ = {
			isa = XCSwiftPackageProductDependency;
			package = 25C430062AC3608E001DA5FC /* XCRemoteSwiftPackageReference "swift-openapi-generator" */;
			productName = "plugin:OpenAPIGenerator";
		};
		253F708B2B5316A90075D093 /* OpenAPIRuntime */ = {
			isa = XCSwiftPackageProductDependency;
			package = 25C4300D2AC36165001DA5FC /* XCRemoteSwiftPackageReference "swift-openapi-runtime" */;
			productName = OpenAPIRuntime;
		};
		253F708D2B5316A90075D093 /* OpenAPIURLSession */ = {
			isa = XCSwiftPackageProductDependency;
			package = 25C430102AC36173001DA5FC /* XCRemoteSwiftPackageReference "swift-openapi-urlsession" */;
			productName = OpenAPIURLSession;
		};
		25429BF929E5FA5300D5979F /* Alamofire */ = {
			isa = XCSwiftPackageProductDependency;
			package = 259704DD2757CB0D00DFCA53 /* XCRemoteSwiftPackageReference "Alamofire" */;
			productName = Alamofire;
		};
		258B223129A81E7500E4ECCE /* Charts */ = {
			isa = XCSwiftPackageProductDependency;
			package = 258B223029A81E7500E4ECCE /* XCRemoteSwiftPackageReference "swiftui-charts" */;
			productName = Charts;
		};
		2590816A28EADDB500886A0E /* Alamofire */ = {
			isa = XCSwiftPackageProductDependency;
			package = 259704DD2757CB0D00DFCA53 /* XCRemoteSwiftPackageReference "Alamofire" */;
			productName = Alamofire;
		};
		259704DE2757CB0D00DFCA53 /* Alamofire */ = {
			isa = XCSwiftPackageProductDependency;
			package = 259704DD2757CB0D00DFCA53 /* XCRemoteSwiftPackageReference "Alamofire" */;
			productName = Alamofire;
		};
		25C4300E2AC36165001DA5FC /* OpenAPIRuntime */ = {
			isa = XCSwiftPackageProductDependency;
			package = 25C4300D2AC36165001DA5FC /* XCRemoteSwiftPackageReference "swift-openapi-runtime" */;
			productName = OpenAPIRuntime;
		};
		25C430112AC36173001DA5FC /* OpenAPIURLSession */ = {
			isa = XCSwiftPackageProductDependency;
			package = 25C430102AC36173001DA5FC /* XCRemoteSwiftPackageReference "swift-openapi-urlsession" */;
			productName = OpenAPIURLSession;
		};
		25CBB6342B44648400223B69 /* OpenAPIGenerator */ = {
			isa = XCSwiftPackageProductDependency;
			package = 25C430062AC3608E001DA5FC /* XCRemoteSwiftPackageReference "swift-openapi-generator" */;
			productName = "plugin:OpenAPIGenerator";
		};
/* End XCSwiftPackageProductDependency section */

/* Begin XCVersionGroup section */
		25BEDCE226CACF7D00D90D6B /* DataModels.xcdatamodeld */ = {
			isa = XCVersionGroup;
			children = (
				25BEDCE326CACF7D00D90D6B /* DataModels.xcdatamodel */,
			);
			currentVersion = 25BEDCE326CACF7D00D90D6B /* DataModels.xcdatamodel */;
			path = DataModels.xcdatamodeld;
			sourceTree = "<group>";
			versionGroupType = wrapper.xcdatamodel;
		};
/* End XCVersionGroup section */
	};
	rootObject = 3EB89009251A55700028FED0 /* Project object */;
}
