{
  "object": {
    "pins": [
      {
        "package": "Networking",
        "repositoryURL": "https://github.com/3lvis/Networking",
        "state": {
          "branch": null,
          "revision": "dde4d21fcc774d988da1f842bc4582ce7f9593c2",
          "version": "5.1.0"
        }
      },
      {
        "package": "SPIndicator",
        "repositoryURL": "https://github.com/ivanvorobei/SPIndicator",
        "state": {
          "branch": null,
          "revision": "ec54c0e60a038ef7290280259638fcc22f0ceb69",
          "version": "1.3.1"
        }
      },
      {
        "package": "Charts",
        "repositoryURL": "https://github.com/spacenation/swiftui-charts",
        "state": {
          "branch": null,
          "revision": "0b66e5c2326e954efdcc94a9eeb699e2f2ae80a2",
          "version": "1.0.0"
        }
      },
      {
        "package": "Shapes",
        "repositoryURL": "https://github.com/swift-extensions/swiftui-shapes.git",
        "state": {
          "branch": null,
          "revision": "c58b15c37eae9bd20525c6daa93a06a689ca75cb",
          "version": "1.1.0"
        }
      }
    ]
  },
  "version": 1
}
